// !$*UTF8*$!
{
	archiveVersion = 1;
	classes = {
	};
	objectVersion = 46;
	objects = {

/* Begin PBXBuildFile section */
		15DE4342082E9ACD15CD48D8 /* libPods-YueDongQuan.a in Frameworks */ = {isa = PBXBuildFile; fileRef = CA5169D062150E23292AA248 /* libPods-YueDongQuan.a */; };
		513F9133095A0FF65053666E /* libPods-YueDongQuanUITests.a in Frameworks */ = {isa = PBXBuildFile; fileRef = 626EA82EAD13B2AEE1685910 /* libPods-YueDongQuanUITests.a */; };
		5BED8B1C849EF21BE47D4FFF /* libPods-YueDongQuanTests.a in Frameworks */ = {isa = PBXBuildFile; fileRef = C46BF2E2183BD09DD25C5631 /* libPods-YueDongQuanTests.a */; };
		5D1099FD1E6FC87A00981736 /* YDQSportsContainerView.m in Sources */ = {isa = PBXBuildFile; fileRef = 5D1099FC1E6FC87A00981736 /* YDQSportsContainerView.m */; };
		5D109A001E6FD88200981736 /* YDQSportsTopViewController.m in Sources */ = {isa = PBXBuildFile; fileRef = 5D1099FF1E6FD88200981736 /* YDQSportsTopViewController.m */; };
		5D109A031E6FD89100981736 /* YDQSportsBottomViewController.m in Sources */ = {isa = PBXBuildFile; fileRef = 5D109A021E6FD89100981736 /* YDQSportsBottomViewController.m */; };
		5D109A061E6FD9C500981736 /* YDQMainPageTitleView.m in Sources */ = {isa = PBXBuildFile; fileRef = 5D109A051E6FD9C500981736 /* YDQMainPageTitleView.m */; };
		5D109A091E6FF70500981736 /* YDQMainPageContentView.m in Sources */ = {isa = PBXBuildFile; fileRef = 5D109A081E6FF70500981736 /* YDQMainPageContentView.m */; };
		5D302B781E82236E00071F53 /* UIBarButtonItem+CLJExtension.m in Sources */ = {isa = PBXBuildFile; fileRef = 5D37EF981E6EE02900BD4702 /* UIBarButtonItem+CLJExtension.m */; };
		5D302B791E82236E00071F53 /* UIView+CLJExtension.m in Sources */ = {isa = PBXBuildFile; fileRef = 5D37EF9A1E6EE02900BD4702 /* UIView+CLJExtension.m */; };
		5D37EF831E6ECF8E00BD4702 /* YDQMainTabBarVC.m in Sources */ = {isa = PBXBuildFile; fileRef = 5D37EF821E6ECF8E00BD4702 /* YDQMainTabBarVC.m */; };
		5D37EF861E6ED28800BD4702 /* YDQSportsViewController.m in Sources */ = {isa = PBXBuildFile; fileRef = 5D37EF851E6ED28800BD4702 /* YDQSportsViewController.m */; };
		5D37EF891E6ED7EC00BD4702 /* Sports.storyboard in Resources */ = {isa = PBXBuildFile; fileRef = 5D37EF871E6ED7EC00BD4702 /* Sports.storyboard */; };
		5D37EF8C1E6ED85A00BD4702 /* Challenge.storyboard in Resources */ = {isa = PBXBuildFile; fileRef = 5D37EF8A1E6ED85A00BD4702 /* Challenge.storyboard */; };
		5D37EF8F1E6ED88700BD4702 /* Explore.storyboard in Resources */ = {isa = PBXBuildFile; fileRef = 5D37EF8D1E6ED88700BD4702 /* Explore.storyboard */; };
		5D37EF911E6ED8A300BD4702 /* Social.storyboard in Resources */ = {isa = PBXBuildFile; fileRef = 5D37EF901E6ED8A300BD4702 /* Social.storyboard */; };
		5D37EF941E6ED8C100BD4702 /* Profile.storyboard in Resources */ = {isa = PBXBuildFile; fileRef = 5D37EF921E6ED8C100BD4702 /* Profile.storyboard */; };
		5D37EF9E1E6EE03B00BD4702 /* Foundation+Log.m in Sources */ = {isa = PBXBuildFile; fileRef = 5D37EF9D1E6EE03B00BD4702 /* Foundation+Log.m */; };
		5D897E7A1E82635F009A13E0 /* YDQWeatherViewController.m in Sources */ = {isa = PBXBuildFile; fileRef = 5D897E791E82635F009A13E0 /* YDQWeatherViewController.m */; };
		5D897E7D1E8263B0009A13E0 /* YDQKeyViewController.m in Sources */ = {isa = PBXBuildFile; fileRef = 5D897E7C1E8263B0009A13E0 /* YDQKeyViewController.m */; };
		5D897E801E8263EB009A13E0 /* YDQRedbagViewController.m in Sources */ = {isa = PBXBuildFile; fileRef = 5D897E7F1E8263EB009A13E0 /* YDQRedbagViewController.m */; };
		5D897E831E826415009A13E0 /* YDQLevelViewController.m in Sources */ = {isa = PBXBuildFile; fileRef = 5D897E821E826415009A13E0 /* YDQLevelViewController.m */; };
		5D897E8F1E82761D009A13E0 /* SYNavigationBar.m in Sources */ = {isa = PBXBuildFile; fileRef = 5D897E8A1E82761D009A13E0 /* SYNavigationBar.m */; };
		5D897E901E82761D009A13E0 /* SYNavigationController.m in Sources */ = {isa = PBXBuildFile; fileRef = 5D897E8C1E82761D009A13E0 /* SYNavigationController.m */; };
		5D897E911E82761D009A13E0 /* UIViewController+SYNavigationController.m in Sources */ = {isa = PBXBuildFile; fileRef = 5D897E8E1E82761D009A13E0 /* UIViewController+SYNavigationController.m */; };
		5D897E941E827FB6009A13E0 /* YDQBaseViewController.m in Sources */ = {isa = PBXBuildFile; fileRef = 5D897E931E827FB6009A13E0 /* YDQBaseViewController.m */; };
		5D8BAB4C1E82C40400BCCD49 /* YDQSportsBottomTableHeader.m in Sources */ = {isa = PBXBuildFile; fileRef = 5D8BAB4B1E82C40400BCCD49 /* YDQSportsBottomTableHeader.m */; };
		5DC6F8B71E82A8AC005E2448 /* UIViewController+SYHelper.m in Sources */ = {isa = PBXBuildFile; fileRef = 5DC6F8B61E82A8AC005E2448 /* UIViewController+SYHelper.m */; };
		5DD66A621E8249B6004E5EAA /* YDQSportsFirstItemTopView.m in Sources */ = {isa = PBXBuildFile; fileRef = 5DD66A611E8249B6004E5EAA /* YDQSportsFirstItemTopView.m */; };
		5DD66A641E8249DE004E5EAA /* YDQSportsFirstItemTopView.xib in Resources */ = {isa = PBXBuildFile; fileRef = 5DD66A631E8249DE004E5EAA /* YDQSportsFirstItemTopView.xib */; };
		5DE993091E6EA0A7003C3B14 /* main.m in Sources */ = {isa = PBXBuildFile; fileRef = 5DE993081E6EA0A7003C3B14 /* main.m */; };
		5DE9930C1E6EA0A7003C3B14 /* AppDelegate.m in Sources */ = {isa = PBXBuildFile; fileRef = 5DE9930B1E6EA0A7003C3B14 /* AppDelegate.m */; };
		5DE993121E6EA0A7003C3B14 /* Main.storyboard in Resources */ = {isa = PBXBuildFile; fileRef = 5DE993101E6EA0A7003C3B14 /* Main.storyboard */; };
		5DE993141E6EA0A7003C3B14 /* Assets.xcassets in Resources */ = {isa = PBXBuildFile; fileRef = 5DE993131E6EA0A7003C3B14 /* Assets.xcassets */; };
		5DE993171E6EA0A7003C3B14 /* LaunchScreen.storyboard in Resources */ = {isa = PBXBuildFile; fileRef = 5DE993151E6EA0A7003C3B14 /* LaunchScreen.storyboard */; };
		5DE993221E6EA0A7003C3B14 /* YueDongQuanTests.m in Sources */ = {isa = PBXBuildFile; fileRef = 5DE993211E6EA0A7003C3B14 /* YueDongQuanTests.m */; };
		5DE9932D1E6EA0A7003C3B14 /* YueDongQuanUITests.m in Sources */ = {isa = PBXBuildFile; fileRef = 5DE9932C1E6EA0A7003C3B14 /* YueDongQuanUITests.m */; };
		5DFF94691E6EF963003D3026 /* YDQChallengeViewController.m in Sources */ = {isa = PBXBuildFile; fileRef = 5DFF94681E6EF963003D3026 /* YDQChallengeViewController.m */; };
		5DFF946C1E6EF98B003D3026 /* YDQExploreViewController.m in Sources */ = {isa = PBXBuildFile; fileRef = 5DFF946B1E6EF98B003D3026 /* YDQExploreViewController.m */; };
		5DFF946F1E6EF9A8003D3026 /* YDQSocialViewController.m in Sources */ = {isa = PBXBuildFile; fileRef = 5DFF946E1E6EF9A8003D3026 /* YDQSocialViewController.m */; };
		5DFF94721E6EF9DB003D3026 /* YDQProfileViewController.m in Sources */ = {isa = PBXBuildFile; fileRef = 5DFF94711E6EF9DB003D3026 /* YDQProfileViewController.m */; };
/* End PBXBuildFile section */

/* Begin PBXContainerItemProxy section */
		5DE9931E1E6EA0A7003C3B14 /* PBXContainerItemProxy */ = {
			isa = PBXContainerItemProxy;
			containerPortal = 5DE992FC1E6EA0A7003C3B14 /* Project object */;
			proxyType = 1;
			remoteGlobalIDString = 5DE993031E6EA0A7003C3B14;
			remoteInfo = YueDongQuan;
		};
		5DE993291E6EA0A7003C3B14 /* PBXContainerItemProxy */ = {
			isa = PBXContainerItemProxy;
			containerPortal = 5DE992FC1E6EA0A7003C3B14 /* Project object */;
			proxyType = 1;
			remoteGlobalIDString = 5DE993031E6EA0A7003C3B14;
			remoteInfo = YueDongQuan;
		};
/* End PBXContainerItemProxy section */

/* Begin PBXFileReference section */
		2F73552BB40F86A5147BA2BB /* Pods-YueDongQuanUITests.release.xcconfig */ = {isa = PBXFileReference; includeInIndex = 1; lastKnownFileType = text.xcconfig; name = "Pods-YueDongQuanUITests.release.xcconfig"; path = "Pods/Target Support Files/Pods-YueDongQuanUITests/Pods-YueDongQuanUITests.release.xcconfig"; sourceTree = "<group>"; };
		5D1099FB1E6FC87A00981736 /* YDQSportsContainerView.h */ = {isa = PBXFileReference; fileEncoding = 4; lastKnownFileType = sourcecode.c.h; path = YDQSportsContainerView.h; sourceTree = "<group>"; };
		5D1099FC1E6FC87A00981736 /* YDQSportsContainerView.m */ = {isa = PBXFileReference; fileEncoding = 4; lastKnownFileType = sourcecode.c.objc; path = YDQSportsContainerView.m; sourceTree = "<group>"; };
		5D1099FE1E6FD88200981736 /* YDQSportsTopViewController.h */ = {isa = PBXFileReference; fileEncoding = 4; lastKnownFileType = sourcecode.c.h; path = YDQSportsTopViewController.h; sourceTree = "<group>"; };
		5D1099FF1E6FD88200981736 /* YDQSportsTopViewController.m */ = {isa = PBXFileReference; fileEncoding = 4; lastKnownFileType = sourcecode.c.objc; path = YDQSportsTopViewController.m; sourceTree = "<group>"; };
		5D109A011E6FD89100981736 /* YDQSportsBottomViewController.h */ = {isa = PBXFileReference; fileEncoding = 4; lastKnownFileType = sourcecode.c.h; path = YDQSportsBottomViewController.h; sourceTree = "<group>"; };
		5D109A021E6FD89100981736 /* YDQSportsBottomViewController.m */ = {isa = PBXFileReference; fileEncoding = 4; lastKnownFileType = sourcecode.c.objc; path = YDQSportsBottomViewController.m; sourceTree = "<group>"; };
		5D109A041E6FD9C500981736 /* YDQMainPageTitleView.h */ = {isa = PBXFileReference; fileEncoding = 4; lastKnownFileType = sourcecode.c.h; name = YDQMainPageTitleView.h; path = ../../Sports/View/YDQMainPageTitleView.h; sourceTree = "<group>"; };
		5D109A051E6FD9C500981736 /* YDQMainPageTitleView.m */ = {isa = PBXFileReference; fileEncoding = 4; lastKnownFileType = sourcecode.c.objc; name = YDQMainPageTitleView.m; path = ../../Sports/View/YDQMainPageTitleView.m; sourceTree = "<group>"; };
		5D109A071E6FF70500981736 /* YDQMainPageContentView.h */ = {isa = PBXFileReference; fileEncoding = 4; lastKnownFileType = sourcecode.c.h; name = YDQMainPageContentView.h; path = ../../Sports/View/YDQMainPageContentView.h; sourceTree = "<group>"; };
		5D109A081E6FF70500981736 /* YDQMainPageContentView.m */ = {isa = PBXFileReference; fileEncoding = 4; lastKnownFileType = sourcecode.c.objc; name = YDQMainPageContentView.m; path = ../../Sports/View/YDQMainPageContentView.m; sourceTree = "<group>"; };
		5D37EF811E6ECF8E00BD4702 /* YDQMainTabBarVC.h */ = {isa = PBXFileReference; fileEncoding = 4; lastKnownFileType = sourcecode.c.h; path = YDQMainTabBarVC.h; sourceTree = "<group>"; };
		5D37EF821E6ECF8E00BD4702 /* YDQMainTabBarVC.m */ = {isa = PBXFileReference; fileEncoding = 4; lastKnownFileType = sourcecode.c.objc; path = YDQMainTabBarVC.m; sourceTree = "<group>"; };
		5D37EF841E6ED28800BD4702 /* YDQSportsViewController.h */ = {isa = PBXFileReference; fileEncoding = 4; lastKnownFileType = sourcecode.c.h; path = YDQSportsViewController.h; sourceTree = "<group>"; };
		5D37EF851E6ED28800BD4702 /* YDQSportsViewController.m */ = {isa = PBXFileReference; fileEncoding = 4; lastKnownFileType = sourcecode.c.objc; path = YDQSportsViewController.m; sourceTree = "<group>"; };
		5D37EF881E6ED7EC00BD4702 /* Base */ = {isa = PBXFileReference; lastKnownFileType = file.storyboard; name = Base; path = YueDongQuan/Base.lproj/Sports.storyboard; sourceTree = SOURCE_ROOT; };
		5D37EF8B1E6ED85A00BD4702 /* Base */ = {isa = PBXFileReference; lastKnownFileType = file.storyboard; name = Base; path = YueDongQuan/Base.lproj/Challenge.storyboard; sourceTree = SOURCE_ROOT; };
		5D37EF8E1E6ED88700BD4702 /* Base */ = {isa = PBXFileReference; lastKnownFileType = file.storyboard; name = Base; path = YueDongQuan/Base.lproj/Explore.storyboard; sourceTree = SOURCE_ROOT; };
		5D37EF901E6ED8A300BD4702 /* Social.storyboard */ = {isa = PBXFileReference; fileEncoding = 4; lastKnownFileType = file.storyboard; name = Social.storyboard; path = ../../Main/Controller/Social.storyboard; sourceTree = "<group>"; };
		5D37EF931E6ED8C100BD4702 /* Base */ = {isa = PBXFileReference; lastKnownFileType = file.storyboard; name = Base; path = YueDongQuan/Base.lproj/Profile.storyboard; sourceTree = SOURCE_ROOT; };
		5D37EF951E6EDDF300BD4702 /* PrefixHeader.pch */ = {isa = PBXFileReference; lastKnownFileType = sourcecode.c.h; path = PrefixHeader.pch; sourceTree = "<group>"; };
		5D37EF971E6EE02900BD4702 /* UIBarButtonItem+CLJExtension.h */ = {isa = PBXFileReference; fileEncoding = 4; lastKnownFileType = sourcecode.c.h; path = "UIBarButtonItem+CLJExtension.h"; sourceTree = "<group>"; };
		5D37EF981E6EE02900BD4702 /* UIBarButtonItem+CLJExtension.m */ = {isa = PBXFileReference; fileEncoding = 4; lastKnownFileType = sourcecode.c.objc; path = "UIBarButtonItem+CLJExtension.m"; sourceTree = "<group>"; };
		5D37EF991E6EE02900BD4702 /* UIView+CLJExtension.h */ = {isa = PBXFileReference; fileEncoding = 4; lastKnownFileType = sourcecode.c.h; path = "UIView+CLJExtension.h"; sourceTree = "<group>"; };
		5D37EF9A1E6EE02900BD4702 /* UIView+CLJExtension.m */ = {isa = PBXFileReference; fileEncoding = 4; lastKnownFileType = sourcecode.c.objc; path = "UIView+CLJExtension.m"; sourceTree = "<group>"; };
		5D37EF9D1E6EE03B00BD4702 /* Foundation+Log.m */ = {isa = PBXFileReference; fileEncoding = 4; lastKnownFileType = sourcecode.c.objc; path = "Foundation+Log.m"; sourceTree = "<group>"; };
		5D897E781E82635F009A13E0 /* YDQWeatherViewController.h */ = {isa = PBXFileReference; fileEncoding = 4; lastKnownFileType = sourcecode.c.h; path = YDQWeatherViewController.h; sourceTree = "<group>"; };
		5D897E791E82635F009A13E0 /* YDQWeatherViewController.m */ = {isa = PBXFileReference; fileEncoding = 4; lastKnownFileType = sourcecode.c.objc; path = YDQWeatherViewController.m; sourceTree = "<group>"; };
		5D897E7B1E8263B0009A13E0 /* YDQKeyViewController.h */ = {isa = PBXFileReference; fileEncoding = 4; lastKnownFileType = sourcecode.c.h; path = YDQKeyViewController.h; sourceTree = "<group>"; };
		5D897E7C1E8263B0009A13E0 /* YDQKeyViewController.m */ = {isa = PBXFileReference; fileEncoding = 4; lastKnownFileType = sourcecode.c.objc; path = YDQKeyViewController.m; sourceTree = "<group>"; };
		5D897E7E1E8263EB009A13E0 /* YDQRedbagViewController.h */ = {isa = PBXFileReference; fileEncoding = 4; lastKnownFileType = sourcecode.c.h; path = YDQRedbagViewController.h; sourceTree = "<group>"; };
		5D897E7F1E8263EB009A13E0 /* YDQRedbagViewController.m */ = {isa = PBXFileReference; fileEncoding = 4; lastKnownFileType = sourcecode.c.objc; path = YDQRedbagViewController.m; sourceTree = "<group>"; };
		5D897E811E826415009A13E0 /* YDQLevelViewController.h */ = {isa = PBXFileReference; fileEncoding = 4; lastKnownFileType = sourcecode.c.h; path = YDQLevelViewController.h; sourceTree = "<group>"; };
		5D897E821E826415009A13E0 /* YDQLevelViewController.m */ = {isa = PBXFileReference; fileEncoding = 4; lastKnownFileType = sourcecode.c.objc; path = YDQLevelViewController.m; sourceTree = "<group>"; };
		5D897E891E82761D009A13E0 /* SYNavigationBar.h */ = {isa = PBXFileReference; fileEncoding = 4; lastKnownFileType = sourcecode.c.h; path = SYNavigationBar.h; sourceTree = "<group>"; };
		5D897E8A1E82761D009A13E0 /* SYNavigationBar.m */ = {isa = PBXFileReference; fileEncoding = 4; lastKnownFileType = sourcecode.c.objc; path = SYNavigationBar.m; sourceTree = "<group>"; };
		5D897E8B1E82761D009A13E0 /* SYNavigationController.h */ = {isa = PBXFileReference; fileEncoding = 4; lastKnownFileType = sourcecode.c.h; path = SYNavigationController.h; sourceTree = "<group>"; };
		5D897E8C1E82761D009A13E0 /* SYNavigationController.m */ = {isa = PBXFileReference; fileEncoding = 4; lastKnownFileType = sourcecode.c.objc; path = SYNavigationController.m; sourceTree = "<group>"; };
		5D897E8D1E82761D009A13E0 /* UIViewController+SYNavigationController.h */ = {isa = PBXFileReference; fileEncoding = 4; lastKnownFileType = sourcecode.c.h; path = "UIViewController+SYNavigationController.h"; sourceTree = "<group>"; };
		5D897E8E1E82761D009A13E0 /* UIViewController+SYNavigationController.m */ = {isa = PBXFileReference; fileEncoding = 4; lastKnownFileType = sourcecode.c.objc; path = "UIViewController+SYNavigationController.m"; sourceTree = "<group>"; };
		5D897E921E827FB6009A13E0 /* YDQBaseViewController.h */ = {isa = PBXFileReference; fileEncoding = 4; lastKnownFileType = sourcecode.c.h; path = YDQBaseViewController.h; sourceTree = "<group>"; };
		5D897E931E827FB6009A13E0 /* YDQBaseViewController.m */ = {isa = PBXFileReference; fileEncoding = 4; lastKnownFileType = sourcecode.c.objc; path = YDQBaseViewController.m; sourceTree = "<group>"; };
		5D8BAB4A1E82C40400BCCD49 /* YDQSportsBottomTableHeader.h */ = {isa = PBXFileReference; fileEncoding = 4; lastKnownFileType = sourcecode.c.h; path = YDQSportsBottomTableHeader.h; sourceTree = "<group>"; };
		5D8BAB4B1E82C40400BCCD49 /* YDQSportsBottomTableHeader.m */ = {isa = PBXFileReference; fileEncoding = 4; lastKnownFileType = sourcecode.c.objc; path = YDQSportsBottomTableHeader.m; sourceTree = "<group>"; };
		5D9369DA1E82E0DB005A000C /* YDQSportsHeader.h */ = {isa = PBXFileReference; lastKnownFileType = sourcecode.c.h; path = YDQSportsHeader.h; sourceTree = "<group>"; };
		5DC6F8B51E82A8AC005E2448 /* UIViewController+SYHelper.h */ = {isa = PBXFileReference; fileEncoding = 4; lastKnownFileType = sourcecode.c.h; path = "UIViewController+SYHelper.h"; sourceTree = "<group>"; };
		5DC6F8B61E82A8AC005E2448 /* UIViewController+SYHelper.m */ = {isa = PBXFileReference; fileEncoding = 4; lastKnownFileType = sourcecode.c.objc; path = "UIViewController+SYHelper.m"; sourceTree = "<group>"; };
		5DD66A601E8249B6004E5EAA /* YDQSportsFirstItemTopView.h */ = {isa = PBXFileReference; fileEncoding = 4; lastKnownFileType = sourcecode.c.h; path = YDQSportsFirstItemTopView.h; sourceTree = "<group>"; };
		5DD66A611E8249B6004E5EAA /* YDQSportsFirstItemTopView.m */ = {isa = PBXFileReference; fileEncoding = 4; lastKnownFileType = sourcecode.c.objc; path = YDQSportsFirstItemTopView.m; sourceTree = "<group>"; };
		5DD66A631E8249DE004E5EAA /* YDQSportsFirstItemTopView.xib */ = {isa = PBXFileReference; fileEncoding = 4; lastKnownFileType = file.xib; path = YDQSportsFirstItemTopView.xib; sourceTree = "<group>"; };
		5DE993041E6EA0A7003C3B14 /* YueDongQuan.app */ = {isa = PBXFileReference; explicitFileType = wrapper.application; includeInIndex = 0; path = YueDongQuan.app; sourceTree = BUILT_PRODUCTS_DIR; };
		5DE993081E6EA0A7003C3B14 /* main.m */ = {isa = PBXFileReference; lastKnownFileType = sourcecode.c.objc; path = main.m; sourceTree = "<group>"; };
		5DE9930A1E6EA0A7003C3B14 /* AppDelegate.h */ = {isa = PBXFileReference; lastKnownFileType = sourcecode.c.h; path = AppDelegate.h; sourceTree = "<group>"; };
		5DE9930B1E6EA0A7003C3B14 /* AppDelegate.m */ = {isa = PBXFileReference; lastKnownFileType = sourcecode.c.objc; path = AppDelegate.m; sourceTree = "<group>"; };
		5DE993111E6EA0A7003C3B14 /* Base */ = {isa = PBXFileReference; lastKnownFileType = file.storyboard; name = Base; path = Base.lproj/Main.storyboard; sourceTree = "<group>"; };
		5DE993131E6EA0A7003C3B14 /* Assets.xcassets */ = {isa = PBXFileReference; lastKnownFileType = folder.assetcatalog; path = Assets.xcassets; sourceTree = "<group>"; };
		5DE993161E6EA0A7003C3B14 /* Base */ = {isa = PBXFileReference; lastKnownFileType = file.storyboard; name = Base; path = Base.lproj/LaunchScreen.storyboard; sourceTree = "<group>"; };
		5DE993181E6EA0A7003C3B14 /* Info.plist */ = {isa = PBXFileReference; lastKnownFileType = text.plist.xml; path = Info.plist; sourceTree = "<group>"; };
		5DE9931D1E6EA0A7003C3B14 /* YueDongQuanTests.xctest */ = {isa = PBXFileReference; explicitFileType = wrapper.cfbundle; includeInIndex = 0; path = YueDongQuanTests.xctest; sourceTree = BUILT_PRODUCTS_DIR; };
		5DE993211E6EA0A7003C3B14 /* YueDongQuanTests.m */ = {isa = PBXFileReference; lastKnownFileType = sourcecode.c.objc; path = YueDongQuanTests.m; sourceTree = "<group>"; };
		5DE993231E6EA0A7003C3B14 /* Info.plist */ = {isa = PBXFileReference; lastKnownFileType = text.plist.xml; path = Info.plist; sourceTree = "<group>"; };
		5DE993281E6EA0A7003C3B14 /* YueDongQuanUITests.xctest */ = {isa = PBXFileReference; explicitFileType = wrapper.cfbundle; includeInIndex = 0; path = YueDongQuanUITests.xctest; sourceTree = BUILT_PRODUCTS_DIR; };
		5DE9932C1E6EA0A7003C3B14 /* YueDongQuanUITests.m */ = {isa = PBXFileReference; lastKnownFileType = sourcecode.c.objc; path = YueDongQuanUITests.m; sourceTree = "<group>"; };
		5DE9932E1E6EA0A7003C3B14 /* Info.plist */ = {isa = PBXFileReference; lastKnownFileType = text.plist.xml; path = Info.plist; sourceTree = "<group>"; };
		5DFF94671E6EF963003D3026 /* YDQChallengeViewController.h */ = {isa = PBXFileReference; fileEncoding = 4; lastKnownFileType = sourcecode.c.h; path = YDQChallengeViewController.h; sourceTree = "<group>"; };
		5DFF94681E6EF963003D3026 /* YDQChallengeViewController.m */ = {isa = PBXFileReference; fileEncoding = 4; lastKnownFileType = sourcecode.c.objc; path = YDQChallengeViewController.m; sourceTree = "<group>"; };
		5DFF946A1E6EF98B003D3026 /* YDQExploreViewController.h */ = {isa = PBXFileReference; fileEncoding = 4; lastKnownFileType = sourcecode.c.h; path = YDQExploreViewController.h; sourceTree = "<group>"; };
		5DFF946B1E6EF98B003D3026 /* YDQExploreViewController.m */ = {isa = PBXFileReference; fileEncoding = 4; lastKnownFileType = sourcecode.c.objc; path = YDQExploreViewController.m; sourceTree = "<group>"; };
		5DFF946D1E6EF9A8003D3026 /* YDQSocialViewController.h */ = {isa = PBXFileReference; fileEncoding = 4; lastKnownFileType = sourcecode.c.h; path = YDQSocialViewController.h; sourceTree = "<group>"; };
		5DFF946E1E6EF9A8003D3026 /* YDQSocialViewController.m */ = {isa = PBXFileReference; fileEncoding = 4; lastKnownFileType = sourcecode.c.objc; path = YDQSocialViewController.m; sourceTree = "<group>"; };
		5DFF94701E6EF9DB003D3026 /* YDQProfileViewController.h */ = {isa = PBXFileReference; fileEncoding = 4; lastKnownFileType = sourcecode.c.h; path = YDQProfileViewController.h; sourceTree = "<group>"; };
		5DFF94711E6EF9DB003D3026 /* YDQProfileViewController.m */ = {isa = PBXFileReference; fileEncoding = 4; lastKnownFileType = sourcecode.c.objc; path = YDQProfileViewController.m; sourceTree = "<group>"; };
		626EA82EAD13B2AEE1685910 /* libPods-YueDongQuanUITests.a */ = {isa = PBXFileReference; explicitFileType = archive.ar; includeInIndex = 0; path = "libPods-YueDongQuanUITests.a"; sourceTree = BUILT_PRODUCTS_DIR; };
		88824AC642BFE77B603D8706 /* Pods-YueDongQuanUITests.debug.xcconfig */ = {isa = PBXFileReference; includeInIndex = 1; lastKnownFileType = text.xcconfig; name = "Pods-YueDongQuanUITests.debug.xcconfig"; path = "Pods/Target Support Files/Pods-YueDongQuanUITests/Pods-YueDongQuanUITests.debug.xcconfig"; sourceTree = "<group>"; };
		8DD18A00799FCC45907DEE9D /* Pods-YueDongQuan.release.xcconfig */ = {isa = PBXFileReference; includeInIndex = 1; lastKnownFileType = text.xcconfig; name = "Pods-YueDongQuan.release.xcconfig"; path = "Pods/Target Support Files/Pods-YueDongQuan/Pods-YueDongQuan.release.xcconfig"; sourceTree = "<group>"; };
		937C70EFB9CBE218B2268F74 /* Pods-YueDongQuan.debug.xcconfig */ = {isa = PBXFileReference; includeInIndex = 1; lastKnownFileType = text.xcconfig; name = "Pods-YueDongQuan.debug.xcconfig"; path = "Pods/Target Support Files/Pods-YueDongQuan/Pods-YueDongQuan.debug.xcconfig"; sourceTree = "<group>"; };
		C46BF2E2183BD09DD25C5631 /* libPods-YueDongQuanTests.a */ = {isa = PBXFileReference; explicitFileType = archive.ar; includeInIndex = 0; path = "libPods-YueDongQuanTests.a"; sourceTree = BUILT_PRODUCTS_DIR; };
		CA5169D062150E23292AA248 /* libPods-YueDongQuan.a */ = {isa = PBXFileReference; explicitFileType = archive.ar; includeInIndex = 0; path = "libPods-YueDongQuan.a"; sourceTree = BUILT_PRODUCTS_DIR; };
		CAF51E8C3BEEC003E20FD240 /* Pods-YueDongQuanTests.debug.xcconfig */ = {isa = PBXFileReference; includeInIndex = 1; lastKnownFileType = text.xcconfig; name = "Pods-YueDongQuanTests.debug.xcconfig"; path = "Pods/Target Support Files/Pods-YueDongQuanTests/Pods-YueDongQuanTests.debug.xcconfig"; sourceTree = "<group>"; };
		CCBB3DB071C5F7BF27601E15 /* Pods-YueDongQuanTests.release.xcconfig */ = {isa = PBXFileReference; includeInIndex = 1; lastKnownFileType = text.xcconfig; name = "Pods-YueDongQuanTests.release.xcconfig"; path = "Pods/Target Support Files/Pods-YueDongQuanTests/Pods-YueDongQuanTests.release.xcconfig"; sourceTree = "<group>"; };
/* End PBXFileReference section */

/* Begin PBXFrameworksBuildPhase section */
		5DE993011E6EA0A7003C3B14 /* Frameworks */ = {
			isa = PBXFrameworksBuildPhase;
			buildActionMask = 2147483647;
			files = (
				15DE4342082E9ACD15CD48D8 /* libPods-YueDongQuan.a in Frameworks */,
			);
			runOnlyForDeploymentPostprocessing = 0;
		};
		5DE9931A1E6EA0A7003C3B14 /* Frameworks */ = {
			isa = PBXFrameworksBuildPhase;
			buildActionMask = 2147483647;
			files = (
				5BED8B1C849EF21BE47D4FFF /* libPods-YueDongQuanTests.a in Frameworks */,
			);
			runOnlyForDeploymentPostprocessing = 0;
		};
		5DE993251E6EA0A7003C3B14 /* Frameworks */ = {
			isa = PBXFrameworksBuildPhase;
			buildActionMask = 2147483647;
			files = (
				513F9133095A0FF65053666E /* libPods-YueDongQuanUITests.a in Frameworks */,
			);
			runOnlyForDeploymentPostprocessing = 0;
		};
/* End PBXFrameworksBuildPhase section */

/* Begin PBXGroup section */
		55749B9E865C02D2A5C4BBAB /* Pods */ = {
			isa = PBXGroup;
			children = (
				937C70EFB9CBE218B2268F74 /* Pods-YueDongQuan.debug.xcconfig */,
				8DD18A00799FCC45907DEE9D /* Pods-YueDongQuan.release.xcconfig */,
				CAF51E8C3BEEC003E20FD240 /* Pods-YueDongQuanTests.debug.xcconfig */,
				CCBB3DB071C5F7BF27601E15 /* Pods-YueDongQuanTests.release.xcconfig */,
				88824AC642BFE77B603D8706 /* Pods-YueDongQuanUITests.debug.xcconfig */,
				2F73552BB40F86A5147BA2BB /* Pods-YueDongQuanUITests.release.xcconfig */,
			);
			name = Pods;
			sourceTree = "<group>";
		};
		5D37EF621E6ECE6100BD4702 /* Classes */ = {
			isa = PBXGroup;
			children = (
				5D37EF6D1E6ECE6100BD4702 /* Main */,
				5D37EF7C1E6ECE6100BD4702 /* Sports */,
				5D37EF631E6ECE6100BD4702 /* Challenge */,
				5D37EF681E6ECE6100BD4702 /* Explore */,
				5D37EF771E6ECE6100BD4702 /* Social */,
				5D37EF721E6ECE6100BD4702 /* Profile */,
			);
			path = Classes;
			sourceTree = "<group>";
		};
		5D37EF631E6ECE6100BD4702 /* Challenge */ = {
			isa = PBXGroup;
			children = (
				5D37EF641E6ECE6100BD4702 /* Controller */,
				5D37EF651E6ECE6100BD4702 /* Model */,
				5D37EF661E6ECE6100BD4702 /* View */,
				5D37EF671E6ECE6100BD4702 /* ViewModel */,
			);
			path = Challenge;
			sourceTree = "<group>";
		};
		5D37EF641E6ECE6100BD4702 /* Controller */ = {
			isa = PBXGroup;
			children = (
				5D37EF8A1E6ED85A00BD4702 /* Challenge.storyboard */,
				5DFF94671E6EF963003D3026 /* YDQChallengeViewController.h */,
				5DFF94681E6EF963003D3026 /* YDQChallengeViewController.m */,
			);
			path = Controller;
			sourceTree = "<group>";
		};
		5D37EF651E6ECE6100BD4702 /* Model */ = {
			isa = PBXGroup;
			children = (
			);
			path = Model;
			sourceTree = "<group>";
		};
		5D37EF661E6ECE6100BD4702 /* View */ = {
			isa = PBXGroup;
			children = (
			);
			path = View;
			sourceTree = "<group>";
		};
		5D37EF671E6ECE6100BD4702 /* ViewModel */ = {
			isa = PBXGroup;
			children = (
			);
			path = ViewModel;
			sourceTree = "<group>";
		};
		5D37EF681E6ECE6100BD4702 /* Explore */ = {
			isa = PBXGroup;
			children = (
				5D37EF691E6ECE6100BD4702 /* Controller */,
				5D37EF6A1E6ECE6100BD4702 /* Model */,
				5D37EF6B1E6ECE6100BD4702 /* View */,
				5D37EF6C1E6ECE6100BD4702 /* ViewModel */,
			);
			path = Explore;
			sourceTree = "<group>";
		};
		5D37EF691E6ECE6100BD4702 /* Controller */ = {
			isa = PBXGroup;
			children = (
				5D37EF8D1E6ED88700BD4702 /* Explore.storyboard */,
				5DFF946A1E6EF98B003D3026 /* YDQExploreViewController.h */,
				5DFF946B1E6EF98B003D3026 /* YDQExploreViewController.m */,
			);
			path = Controller;
			sourceTree = "<group>";
		};
		5D37EF6A1E6ECE6100BD4702 /* Model */ = {
			isa = PBXGroup;
			children = (
			);
			path = Model;
			sourceTree = "<group>";
		};
		5D37EF6B1E6ECE6100BD4702 /* View */ = {
			isa = PBXGroup;
			children = (
			);
			path = View;
			sourceTree = "<group>";
		};
		5D37EF6C1E6ECE6100BD4702 /* ViewModel */ = {
			isa = PBXGroup;
			children = (
			);
			path = ViewModel;
			sourceTree = "<group>";
		};
		5D37EF6D1E6ECE6100BD4702 /* Main */ = {
			isa = PBXGroup;
			children = (
				5D37EF961E6EE02900BD4702 /* Categroy */,
				5D37EF6E1E6ECE6100BD4702 /* Controller */,
				5D37EF6F1E6ECE6100BD4702 /* Model */,
				5D37EF701E6ECE6100BD4702 /* View */,
				5D37EF711E6ECE6100BD4702 /* ViewModel */,
			);
			path = Main;
			sourceTree = "<group>";
		};
		5D37EF6E1E6ECE6100BD4702 /* Controller */ = {
			isa = PBXGroup;
			children = (
				5DE993101E6EA0A7003C3B14 /* Main.storyboard */,
				5D37EF811E6ECF8E00BD4702 /* YDQMainTabBarVC.h */,
				5D37EF821E6ECF8E00BD4702 /* YDQMainTabBarVC.m */,
				5D897E921E827FB6009A13E0 /* YDQBaseViewController.h */,
				5D897E931E827FB6009A13E0 /* YDQBaseViewController.m */,
			);
			path = Controller;
			sourceTree = "<group>";
		};
		5D37EF6F1E6ECE6100BD4702 /* Model */ = {
			isa = PBXGroup;
			children = (
			);
			path = Model;
			sourceTree = "<group>";
		};
		5D37EF701E6ECE6100BD4702 /* View */ = {
			isa = PBXGroup;
			children = (
				5D109A041E6FD9C500981736 /* YDQMainPageTitleView.h */,
				5D109A051E6FD9C500981736 /* YDQMainPageTitleView.m */,
				5D109A071E6FF70500981736 /* YDQMainPageContentView.h */,
				5D109A081E6FF70500981736 /* YDQMainPageContentView.m */,
			);
			path = View;
			sourceTree = "<group>";
		};
		5D37EF711E6ECE6100BD4702 /* ViewModel */ = {
			isa = PBXGroup;
			children = (
			);
			path = ViewModel;
			sourceTree = "<group>";
		};
		5D37EF721E6ECE6100BD4702 /* Profile */ = {
			isa = PBXGroup;
			children = (
				5D37EF731E6ECE6100BD4702 /* Controller */,
				5D37EF741E6ECE6100BD4702 /* Model */,
				5D37EF751E6ECE6100BD4702 /* View */,
				5D37EF761E6ECE6100BD4702 /* ViewModel */,
			);
			path = Profile;
			sourceTree = "<group>";
		};
		5D37EF731E6ECE6100BD4702 /* Controller */ = {
			isa = PBXGroup;
			children = (
				5D37EF921E6ED8C100BD4702 /* Profile.storyboard */,
				5DFF94701E6EF9DB003D3026 /* YDQProfileViewController.h */,
				5DFF94711E6EF9DB003D3026 /* YDQProfileViewController.m */,
			);
			path = Controller;
			sourceTree = "<group>";
		};
		5D37EF741E6ECE6100BD4702 /* Model */ = {
			isa = PBXGroup;
			children = (
			);
			path = Model;
			sourceTree = "<group>";
		};
		5D37EF751E6ECE6100BD4702 /* View */ = {
			isa = PBXGroup;
			children = (
			);
			path = View;
			sourceTree = "<group>";
		};
		5D37EF761E6ECE6100BD4702 /* ViewModel */ = {
			isa = PBXGroup;
			children = (
			);
			path = ViewModel;
			sourceTree = "<group>";
		};
		5D37EF771E6ECE6100BD4702 /* Social */ = {
			isa = PBXGroup;
			children = (
				5D37EF781E6ECE6100BD4702 /* Controller */,
				5D37EF791E6ECE6100BD4702 /* Model */,
				5D37EF7A1E6ECE6100BD4702 /* View */,
				5D37EF7B1E6ECE6100BD4702 /* ViewModel */,
			);
			path = Social;
			sourceTree = "<group>";
		};
		5D37EF781E6ECE6100BD4702 /* Controller */ = {
			isa = PBXGroup;
			children = (
				5D37EF901E6ED8A300BD4702 /* Social.storyboard */,
				5DFF946D1E6EF9A8003D3026 /* YDQSocialViewController.h */,
				5DFF946E1E6EF9A8003D3026 /* YDQSocialViewController.m */,
			);
			path = Controller;
			sourceTree = "<group>";
		};
		5D37EF791E6ECE6100BD4702 /* Model */ = {
			isa = PBXGroup;
			children = (
			);
			path = Model;
			sourceTree = "<group>";
		};
		5D37EF7A1E6ECE6100BD4702 /* View */ = {
			isa = PBXGroup;
			children = (
			);
			path = View;
			sourceTree = "<group>";
		};
		5D37EF7B1E6ECE6100BD4702 /* ViewModel */ = {
			isa = PBXGroup;
			children = (
			);
			path = ViewModel;
			sourceTree = "<group>";
		};
		5D37EF7C1E6ECE6100BD4702 /* Sports */ = {
			isa = PBXGroup;
			children = (
				5D37EF7D1E6ECE6100BD4702 /* Controller */,
				5D37EF7F1E6ECE6100BD4702 /* View */,
				5D37EF7E1E6ECE6100BD4702 /* Model */,
				5D37EF801E6ECE6100BD4702 /* ViewModel */,
			);
			path = Sports;
			sourceTree = "<group>";
		};
		5D37EF7D1E6ECE6100BD4702 /* Controller */ = {
			isa = PBXGroup;
			children = (
				5D37EF871E6ED7EC00BD4702 /* Sports.storyboard */,
				5D37EF841E6ED28800BD4702 /* YDQSportsViewController.h */,
				5D37EF851E6ED28800BD4702 /* YDQSportsViewController.m */,
				5D1099FE1E6FD88200981736 /* YDQSportsTopViewController.h */,
				5D1099FF1E6FD88200981736 /* YDQSportsTopViewController.m */,
				5D109A011E6FD89100981736 /* YDQSportsBottomViewController.h */,
				5D109A021E6FD89100981736 /* YDQSportsBottomViewController.m */,
				5D897E781E82635F009A13E0 /* YDQWeatherViewController.h */,
				5D897E791E82635F009A13E0 /* YDQWeatherViewController.m */,
				5D897E7B1E8263B0009A13E0 /* YDQKeyViewController.h */,
				5D897E7C1E8263B0009A13E0 /* YDQKeyViewController.m */,
				5D897E7E1E8263EB009A13E0 /* YDQRedbagViewController.h */,
				5D897E7F1E8263EB009A13E0 /* YDQRedbagViewController.m */,
				5D897E811E826415009A13E0 /* YDQLevelViewController.h */,
				5D897E821E826415009A13E0 /* YDQLevelViewController.m */,
			);
			path = Controller;
			sourceTree = "<group>";
		};
		5D37EF7E1E6ECE6100BD4702 /* Model */ = {
			isa = PBXGroup;
			children = (
			);
			path = Model;
			sourceTree = "<group>";
		};
		5D37EF7F1E6ECE6100BD4702 /* View */ = {
			isa = PBXGroup;
			children = (
				5D1099FB1E6FC87A00981736 /* YDQSportsContainerView.h */,
				5D1099FC1E6FC87A00981736 /* YDQSportsContainerView.m */,
				5DD66A601E8249B6004E5EAA /* YDQSportsFirstItemTopView.h */,
				5DD66A611E8249B6004E5EAA /* YDQSportsFirstItemTopView.m */,
				5DD66A631E8249DE004E5EAA /* YDQSportsFirstItemTopView.xib */,
				5D8BAB4A1E82C40400BCCD49 /* YDQSportsBottomTableHeader.h */,
				5D8BAB4B1E82C40400BCCD49 /* YDQSportsBottomTableHeader.m */,
			);
			path = View;
			sourceTree = "<group>";
		};
		5D37EF801E6ECE6100BD4702 /* ViewModel */ = {
			isa = PBXGroup;
			children = (
				5D9369DA1E82E0DB005A000C /* YDQSportsHeader.h */,
			);
			path = ViewModel;
			sourceTree = "<group>";
		};
		5D37EF961E6EE02900BD4702 /* Categroy */ = {
			isa = PBXGroup;
			children = (
				5DC6F8B51E82A8AC005E2448 /* UIViewController+SYHelper.h */,
				5DC6F8B61E82A8AC005E2448 /* UIViewController+SYHelper.m */,
				5D37EF971E6EE02900BD4702 /* UIBarButtonItem+CLJExtension.h */,
				5D37EF981E6EE02900BD4702 /* UIBarButtonItem+CLJExtension.m */,
				5D37EF991E6EE02900BD4702 /* UIView+CLJExtension.h */,
				5D37EF9A1E6EE02900BD4702 /* UIView+CLJExtension.m */,
			);
			path = Categroy;
			sourceTree = "<group>";
		};
		5D897E871E82761D009A13E0 /* Externals */ = {
			isa = PBXGroup;
			children = (
				5D897E881E82761D009A13E0 /* SYNavigationViewController */,
			);
			path = Externals;
			sourceTree = "<group>";
		};
		5D897E881E82761D009A13E0 /* SYNavigationViewController */ = {
			isa = PBXGroup;
			children = (
				5D897E891E82761D009A13E0 /* SYNavigationBar.h */,
				5D897E8A1E82761D009A13E0 /* SYNavigationBar.m */,
				5D897E8B1E82761D009A13E0 /* SYNavigationController.h */,
				5D897E8C1E82761D009A13E0 /* SYNavigationController.m */,
				5D897E8D1E82761D009A13E0 /* UIViewController+SYNavigationController.h */,
				5D897E8E1E82761D009A13E0 /* UIViewController+SYNavigationController.m */,
			);
			path = SYNavigationViewController;
			sourceTree = "<group>";
		};
		5DE992FB1E6EA0A7003C3B14 = {
			isa = PBXGroup;
			children = (
				5DE993061E6EA0A7003C3B14 /* YueDongQuan */,
				5DE993201E6EA0A7003C3B14 /* YueDongQuanTests */,
				5DE9932B1E6EA0A7003C3B14 /* YueDongQuanUITests */,
				5DE993051E6EA0A7003C3B14 /* Products */,
				55749B9E865C02D2A5C4BBAB /* Pods */,
				ACA7BBE976330870FB837C2B /* Frameworks */,
			);
			sourceTree = "<group>";
		};
		5DE993051E6EA0A7003C3B14 /* Products */ = {
			isa = PBXGroup;
			children = (
				5DE993041E6EA0A7003C3B14 /* YueDongQuan.app */,
				5DE9931D1E6EA0A7003C3B14 /* YueDongQuanTests.xctest */,
				5DE993281E6EA0A7003C3B14 /* YueDongQuanUITests.xctest */,
			);
			name = Products;
			sourceTree = "<group>";
		};
		5DE993061E6EA0A7003C3B14 /* YueDongQuan */ = {
			isa = PBXGroup;
			children = (
				5DE9930A1E6EA0A7003C3B14 /* AppDelegate.h */,
				5DE9930B1E6EA0A7003C3B14 /* AppDelegate.m */,
				5D37EF621E6ECE6100BD4702 /* Classes */,
				5D897E871E82761D009A13E0 /* Externals */,
				5DE993071E6EA0A7003C3B14 /* Supporting Files */,
			);
			path = YueDongQuan;
			sourceTree = "<group>";
		};
		5DE993071E6EA0A7003C3B14 /* Supporting Files */ = {
			isa = PBXGroup;
			children = (
				5D37EF9D1E6EE03B00BD4702 /* Foundation+Log.m */,
				5DE993131E6EA0A7003C3B14 /* Assets.xcassets */,
				5DE993151E6EA0A7003C3B14 /* LaunchScreen.storyboard */,
				5DE993181E6EA0A7003C3B14 /* Info.plist */,
				5DE993081E6EA0A7003C3B14 /* main.m */,
				5D37EF951E6EDDF300BD4702 /* PrefixHeader.pch */,
			);
			name = "Supporting Files";
			sourceTree = "<group>";
		};
		5DE993201E6EA0A7003C3B14 /* YueDongQuanTests */ = {
			isa = PBXGroup;
			children = (
				5DE993211E6EA0A7003C3B14 /* YueDongQuanTests.m */,
				5DE993231E6EA0A7003C3B14 /* Info.plist */,
			);
			path = YueDongQuanTests;
			sourceTree = "<group>";
		};
		5DE9932B1E6EA0A7003C3B14 /* YueDongQuanUITests */ = {
			isa = PBXGroup;
			children = (
				5DE9932C1E6EA0A7003C3B14 /* YueDongQuanUITests.m */,
				5DE9932E1E6EA0A7003C3B14 /* Info.plist */,
			);
			path = YueDongQuanUITests;
			sourceTree = "<group>";
		};
		ACA7BBE976330870FB837C2B /* Frameworks */ = {
			isa = PBXGroup;
			children = (
				CA5169D062150E23292AA248 /* libPods-YueDongQuan.a */,
				C46BF2E2183BD09DD25C5631 /* libPods-YueDongQuanTests.a */,
				626EA82EAD13B2AEE1685910 /* libPods-YueDongQuanUITests.a */,
			);
			name = Frameworks;
			sourceTree = "<group>";
		};
/* End PBXGroup section */

/* Begin PBXNativeTarget section */
		5DE993031E6EA0A7003C3B14 /* YueDongQuan */ = {
			isa = PBXNativeTarget;
			buildConfigurationList = 5DE993311E6EA0A7003C3B14 /* Build configuration list for PBXNativeTarget "YueDongQuan" */;
			buildPhases = (
				C1364F9BB56CFA94D86C2B7F /* [CP] Check Pods Manifest.lock */,
				5DE993001E6EA0A7003C3B14 /* Sources */,
				5DE993011E6EA0A7003C3B14 /* Frameworks */,
				5DE993021E6EA0A7003C3B14 /* Resources */,
				D5D3BC7B64CFE8E4D2879485 /* [CP] Embed Pods Frameworks */,
				31B1EFA7E015579421D0CEF2 /* [CP] Copy Pods Resources */,
			);
			buildRules = (
			);
			dependencies = (
			);
			name = YueDongQuan;
			productName = YueDongQuan;
			productReference = 5DE993041E6EA0A7003C3B14 /* YueDongQuan.app */;
			productType = "com.apple.product-type.application";
		};
		5DE9931C1E6EA0A7003C3B14 /* YueDongQuanTests */ = {
			isa = PBXNativeTarget;
			buildConfigurationList = 5DE993341E6EA0A7003C3B14 /* Build configuration list for PBXNativeTarget "YueDongQuanTests" */;
			buildPhases = (
				10B228EE46639FF5DF61D486 /* [CP] Check Pods Manifest.lock */,
				5DE993191E6EA0A7003C3B14 /* Sources */,
				5DE9931A1E6EA0A7003C3B14 /* Frameworks */,
				5DE9931B1E6EA0A7003C3B14 /* Resources */,
				23000F3757A8E22299CF39BE /* [CP] Embed Pods Frameworks */,
				B4F5CC82F851B373E4EEFB8A /* [CP] Copy Pods Resources */,
			);
			buildRules = (
			);
			dependencies = (
				5DE9931F1E6EA0A7003C3B14 /* PBXTargetDependency */,
			);
			name = YueDongQuanTests;
			productName = YueDongQuanTests;
			productReference = 5DE9931D1E6EA0A7003C3B14 /* YueDongQuanTests.xctest */;
			productType = "com.apple.product-type.bundle.unit-test";
		};
		5DE993271E6EA0A7003C3B14 /* YueDongQuanUITests */ = {
			isa = PBXNativeTarget;
			buildConfigurationList = 5DE993371E6EA0A7003C3B14 /* Build configuration list for PBXNativeTarget "YueDongQuanUITests" */;
			buildPhases = (
				48375F9D6CE466600B338FBF /* [CP] Check Pods Manifest.lock */,
				5DE993241E6EA0A7003C3B14 /* Sources */,
				5DE993251E6EA0A7003C3B14 /* Frameworks */,
				5DE993261E6EA0A7003C3B14 /* Resources */,
				EAD3EDB32415142DBB86D7D4 /* [CP] Embed Pods Frameworks */,
				F99B45D083381899A7AED7F0 /* [CP] Copy Pods Resources */,
			);
			buildRules = (
			);
			dependencies = (
				5DE9932A1E6EA0A7003C3B14 /* PBXTargetDependency */,
			);
			name = YueDongQuanUITests;
			productName = YueDongQuanUITests;
			productReference = 5DE993281E6EA0A7003C3B14 /* YueDongQuanUITests.xctest */;
			productType = "com.apple.product-type.bundle.ui-testing";
		};
/* End PBXNativeTarget section */

/* Begin PBXProject section */
		5DE992FC1E6EA0A7003C3B14 /* Project object */ = {
			isa = PBXProject;
			attributes = {
				LastUpgradeCheck = 0820;
				ORGANIZATIONNAME = "陈良静";
				TargetAttributes = {
					5DE993031E6EA0A7003C3B14 = {
						CreatedOnToolsVersion = 8.2.1;
						ProvisioningStyle = Automatic;
					};
					5DE9931C1E6EA0A7003C3B14 = {
						CreatedOnToolsVersion = 8.2.1;
						ProvisioningStyle = Automatic;
						TestTargetID = 5DE993031E6EA0A7003C3B14;
					};
					5DE993271E6EA0A7003C3B14 = {
						CreatedOnToolsVersion = 8.2.1;
						ProvisioningStyle = Automatic;
						TestTargetID = 5DE993031E6EA0A7003C3B14;
					};
				};
			};
			buildConfigurationList = 5DE992FF1E6EA0A7003C3B14 /* Build configuration list for PBXProject "YueDongQuan" */;
			compatibilityVersion = "Xcode 3.2";
			developmentRegion = English;
			hasScannedForEncodings = 0;
			knownRegions = (
				en,
				Base,
			);
			mainGroup = 5DE992FB1E6EA0A7003C3B14;
			productRefGroup = 5DE993051E6EA0A7003C3B14 /* Products */;
			projectDirPath = "";
			projectRoot = "";
			targets = (
				5DE993031E6EA0A7003C3B14 /* YueDongQuan */,
				5DE9931C1E6EA0A7003C3B14 /* YueDongQuanTests */,
				5DE993271E6EA0A7003C3B14 /* YueDongQuanUITests */,
			);
		};
/* End PBXProject section */

/* Begin PBXResourcesBuildPhase section */
		5DE993021E6EA0A7003C3B14 /* Resources */ = {
			isa = PBXResourcesBuildPhase;
			buildActionMask = 2147483647;
			files = (
				5D37EF8C1E6ED85A00BD4702 /* Challenge.storyboard in Resources */,
				5DE993171E6EA0A7003C3B14 /* LaunchScreen.storyboard in Resources */,
				5D37EF891E6ED7EC00BD4702 /* Sports.storyboard in Resources */,
				5D37EF911E6ED8A300BD4702 /* Social.storyboard in Resources */,
				5D37EF8F1E6ED88700BD4702 /* Explore.storyboard in Resources */,
				5DD66A641E8249DE004E5EAA /* YDQSportsFirstItemTopView.xib in Resources */,
				5DE993141E6EA0A7003C3B14 /* Assets.xcassets in Resources */,
				5D37EF941E6ED8C100BD4702 /* Profile.storyboard in Resources */,
				5DE993121E6EA0A7003C3B14 /* Main.storyboard in Resources */,
			);
			runOnlyForDeploymentPostprocessing = 0;
		};
		5DE9931B1E6EA0A7003C3B14 /* Resources */ = {
			isa = PBXResourcesBuildPhase;
			buildActionMask = 2147483647;
			files = (
			);
			runOnlyForDeploymentPostprocessing = 0;
		};
		5DE993261E6EA0A7003C3B14 /* Resources */ = {
			isa = PBXResourcesBuildPhase;
			buildActionMask = 2147483647;
			files = (
			);
			runOnlyForDeploymentPostprocessing = 0;
		};
/* End PBXResourcesBuildPhase section */

/* Begin PBXShellScriptBuildPhase section */
		10B228EE46639FF5DF61D486 /* [CP] Check Pods Manifest.lock */ = {
			isa = PBXShellScriptBuildPhase;
			buildActionMask = 2147483647;
			files = (
			);
			inputPaths = (
			);
			name = "[CP] Check Pods Manifest.lock";
			outputPaths = (
			);
			runOnlyForDeploymentPostprocessing = 0;
			shellPath = /bin/sh;
			shellScript = "diff \"${PODS_ROOT}/../Podfile.lock\" \"${PODS_ROOT}/Manifest.lock\" > /dev/null\nif [ $? != 0 ] ; then\n    # print error to STDERR\n    echo \"error: The sandbox is not in sync with the Podfile.lock. Run 'pod install' or update your CocoaPods installation.\" >&2\n    exit 1\nfi\n";
			showEnvVarsInLog = 0;
		};
		23000F3757A8E22299CF39BE /* [CP] Embed Pods Frameworks */ = {
			isa = PBXShellScriptBuildPhase;
			buildActionMask = 2147483647;
			files = (
			);
			inputPaths = (
			);
			name = "[CP] Embed Pods Frameworks";
			outputPaths = (
			);
			runOnlyForDeploymentPostprocessing = 0;
			shellPath = /bin/sh;
			shellScript = "\"${SRCROOT}/Pods/Target Support Files/Pods-YueDongQuanTests/Pods-YueDongQuanTests-frameworks.sh\"\n";
			showEnvVarsInLog = 0;
		};
		31B1EFA7E015579421D0CEF2 /* [CP] Copy Pods Resources */ = {
			isa = PBXShellScriptBuildPhase;
			buildActionMask = 2147483647;
			files = (
			);
			inputPaths = (
			);
			name = "[CP] Copy Pods Resources";
			outputPaths = (
			);
			runOnlyForDeploymentPostprocessing = 0;
			shellPath = /bin/sh;
			shellScript = "\"${SRCROOT}/Pods/Target Support Files/Pods-YueDongQuan/Pods-YueDongQuan-resources.sh\"\n";
			showEnvVarsInLog = 0;
		};
		48375F9D6CE466600B338FBF /* [CP] Check Pods Manifest.lock */ = {
			isa = PBXShellScriptBuildPhase;
			buildActionMask = 2147483647;
			files = (
			);
			inputPaths = (
			);
			name = "[CP] Check Pods Manifest.lock";
			outputPaths = (
			);
			runOnlyForDeploymentPostprocessing = 0;
			shellPath = /bin/sh;
			shellScript = "diff \"${PODS_ROOT}/../Podfile.lock\" \"${PODS_ROOT}/Manifest.lock\" > /dev/null\nif [ $? != 0 ] ; then\n    # print error to STDERR\n    echo \"error: The sandbox is not in sync with the Podfile.lock. Run 'pod install' or update your CocoaPods installation.\" >&2\n    exit 1\nfi\n";
			showEnvVarsInLog = 0;
		};
		B4F5CC82F851B373E4EEFB8A /* [CP] Copy Pods Resources */ = {
			isa = PBXShellScriptBuildPhase;
			buildActionMask = 2147483647;
			files = (
			);
			inputPaths = (
			);
			name = "[CP] Copy Pods Resources";
			outputPaths = (
			);
			runOnlyForDeploymentPostprocessing = 0;
			shellPath = /bin/sh;
			shellScript = "\"${SRCROOT}/Pods/Target Support Files/Pods-YueDongQuanTests/Pods-YueDongQuanTests-resources.sh\"\n";
			showEnvVarsInLog = 0;
		};
		C1364F9BB56CFA94D86C2B7F /* [CP] Check Pods Manifest.lock */ = {
			isa = PBXShellScriptBuildPhase;
			buildActionMask = 2147483647;
			files = (
			);
			inputPaths = (
			);
			name = "[CP] Check Pods Manifest.lock";
			outputPaths = (
			);
			runOnlyForDeploymentPostprocessing = 0;
			shellPath = /bin/sh;
			shellScript = "diff \"${PODS_ROOT}/../Podfile.lock\" \"${PODS_ROOT}/Manifest.lock\" > /dev/null\nif [ $? != 0 ] ; then\n    # print error to STDERR\n    echo \"error: The sandbox is not in sync with the Podfile.lock. Run 'pod install' or update your CocoaPods installation.\" >&2\n    exit 1\nfi\n";
			showEnvVarsInLog = 0;
		};
		D5D3BC7B64CFE8E4D2879485 /* [CP] Embed Pods Frameworks */ = {
			isa = PBXShellScriptBuildPhase;
			buildActionMask = 2147483647;
			files = (
			);
			inputPaths = (
			);
			name = "[CP] Embed Pods Frameworks";
			outputPaths = (
			);
			runOnlyForDeploymentPostprocessing = 0;
			shellPath = /bin/sh;
			shellScript = "\"${SRCROOT}/Pods/Target Support Files/Pods-YueDongQuan/Pods-YueDongQuan-frameworks.sh\"\n";
			showEnvVarsInLog = 0;
		};
		EAD3EDB32415142DBB86D7D4 /* [CP] Embed Pods Frameworks */ = {
			isa = PBXShellScriptBuildPhase;
			buildActionMask = 2147483647;
			files = (
			);
			inputPaths = (
			);
			name = "[CP] Embed Pods Frameworks";
			outputPaths = (
			);
			runOnlyForDeploymentPostprocessing = 0;
			shellPath = /bin/sh;
			shellScript = "\"${SRCROOT}/Pods/Target Support Files/Pods-YueDongQuanUITests/Pods-YueDongQuanUITests-frameworks.sh\"\n";
			showEnvVarsInLog = 0;
		};
		F99B45D083381899A7AED7F0 /* [CP] Copy Pods Resources */ = {
			isa = PBXShellScriptBuildPhase;
			buildActionMask = 2147483647;
			files = (
			);
			inputPaths = (
			);
			name = "[CP] Copy Pods Resources";
			outputPaths = (
			);
			runOnlyForDeploymentPostprocessing = 0;
			shellPath = /bin/sh;
			shellScript = "\"${SRCROOT}/Pods/Target Support Files/Pods-YueDongQuanUITests/Pods-YueDongQuanUITests-resources.sh\"\n";
			showEnvVarsInLog = 0;
		};
/* End PBXShellScriptBuildPhase section */

/* Begin PBXSourcesBuildPhase section */
		5DE993001E6EA0A7003C3B14 /* Sources */ = {
			isa = PBXSourcesBuildPhase;
			buildActionMask = 2147483647;
			files = (
				5DC6F8B71E82A8AC005E2448 /* UIViewController+SYHelper.m in Sources */,
				5D302B781E82236E00071F53 /* UIBarButtonItem+CLJExtension.m in Sources */,
				5D302B791E82236E00071F53 /* UIView+CLJExtension.m in Sources */,
				5DE9930C1E6EA0A7003C3B14 /* AppDelegate.m in Sources */,
				5D897E7D1E8263B0009A13E0 /* YDQKeyViewController.m in Sources */,
				5D897E8F1E82761D009A13E0 /* SYNavigationBar.m in Sources */,
				5D37EF9E1E6EE03B00BD4702 /* Foundation+Log.m in Sources */,
				5D109A061E6FD9C500981736 /* YDQMainPageTitleView.m in Sources */,
				5DE993091E6EA0A7003C3B14 /* main.m in Sources */,
				5D109A091E6FF70500981736 /* YDQMainPageContentView.m in Sources */,
				5D1099FD1E6FC87A00981736 /* YDQSportsContainerView.m in Sources */,
				5D37EF831E6ECF8E00BD4702 /* YDQMainTabBarVC.m in Sources */,
				5D37EF861E6ED28800BD4702 /* YDQSportsViewController.m in Sources */,
				5DFF94691E6EF963003D3026 /* YDQChallengeViewController.m in Sources */,
				5DFF946F1E6EF9A8003D3026 /* YDQSocialViewController.m in Sources */,
				5D897E7A1E82635F009A13E0 /* YDQWeatherViewController.m in Sources */,
				5D897E801E8263EB009A13E0 /* YDQRedbagViewController.m in Sources */,
				5D8BAB4C1E82C40400BCCD49 /* YDQSportsBottomTableHeader.m in Sources */,
				5DFF94721E6EF9DB003D3026 /* YDQProfileViewController.m in Sources */,
				5D897E941E827FB6009A13E0 /* YDQBaseViewController.m in Sources */,
				5DD66A621E8249B6004E5EAA /* YDQSportsFirstItemTopView.m in Sources */,
				5D897E901E82761D009A13E0 /* SYNavigationController.m in Sources */,
				5D109A031E6FD89100981736 /* YDQSportsBottomViewController.m in Sources */,
				5D897E831E826415009A13E0 /* YDQLevelViewController.m in Sources */,
				5DFF946C1E6EF98B003D3026 /* YDQExploreViewController.m in Sources */,
				5D109A001E6FD88200981736 /* YDQSportsTopViewController.m in Sources */,
				5D897E911E82761D009A13E0 /* UIViewController+SYNavigationController.m in Sources */,
			);
			runOnlyForDeploymentPostprocessing = 0;
		};
		5DE993191E6EA0A7003C3B14 /* Sources */ = {
			isa = PBXSourcesBuildPhase;
			buildActionMask = 2147483647;
			files = (
				5DE993221E6EA0A7003C3B14 /* YueDongQuanTests.m in Sources */,
			);
			runOnlyForDeploymentPostprocessing = 0;
		};
		5DE993241E6EA0A7003C3B14 /* Sources */ = {
			isa = PBXSourcesBuildPhase;
			buildActionMask = 2147483647;
			files = (
				5DE9932D1E6EA0A7003C3B14 /* YueDongQuanUITests.m in Sources */,
			);
			runOnlyForDeploymentPostprocessing = 0;
		};
/* End PBXSourcesBuildPhase section */

/* Begin PBXTargetDependency section */
		5DE9931F1E6EA0A7003C3B14 /* PBXTargetDependency */ = {
			isa = PBXTargetDependency;
			target = 5DE993031E6EA0A7003C3B14 /* YueDongQuan */;
			targetProxy = 5DE9931E1E6EA0A7003C3B14 /* PBXContainerItemProxy */;
		};
		5DE9932A1E6EA0A7003C3B14 /* PBXTargetDependency */ = {
			isa = PBXTargetDependency;
			target = 5DE993031E6EA0A7003C3B14 /* YueDongQuan */;
			targetProxy = 5DE993291E6EA0A7003C3B14 /* PBXContainerItemProxy */;
		};
/* End PBXTargetDependency section */

/* Begin PBXVariantGroup section */
		5D37EF871E6ED7EC00BD4702 /* Sports.storyboard */ = {
			isa = PBXVariantGroup;
			children = (
				5D37EF881E6ED7EC00BD4702 /* Base */,
			);
			name = Sports.storyboard;
			path = ../../Main/Controller;
			sourceTree = "<group>";
		};
		5D37EF8A1E6ED85A00BD4702 /* Challenge.storyboard */ = {
			isa = PBXVariantGroup;
			children = (
				5D37EF8B1E6ED85A00BD4702 /* Base */,
			);
			name = Challenge.storyboard;
			path = ../../Main/Controller;
			sourceTree = "<group>";
		};
		5D37EF8D1E6ED88700BD4702 /* Explore.storyboard */ = {
			isa = PBXVariantGroup;
			children = (
				5D37EF8E1E6ED88700BD4702 /* Base */,
			);
			name = Explore.storyboard;
			path = ../../Main/Controller;
			sourceTree = "<group>";
		};
		5D37EF921E6ED8C100BD4702 /* Profile.storyboard */ = {
			isa = PBXVariantGroup;
			children = (
				5D37EF931E6ED8C100BD4702 /* Base */,
			);
			name = Profile.storyboard;
			path = ../../Main/Controller;
			sourceTree = "<group>";
		};
		5DE993101E6EA0A7003C3B14 /* Main.storyboard */ = {
			isa = PBXVariantGroup;
			children = (
				5DE993111E6EA0A7003C3B14 /* Base */,
			);
			name = Main.storyboard;
			path = ../../..;
			sourceTree = "<group>";
		};
		5DE993151E6EA0A7003C3B14 /* LaunchScreen.storyboard */ = {
			isa = PBXVariantGroup;
			children = (
				5DE993161E6EA0A7003C3B14 /* Base */,
			);
			name = LaunchScreen.storyboard;
			sourceTree = "<group>";
		};
/* End PBXVariantGroup section */

/* Begin XCBuildConfiguration section */
		5DE9932F1E6EA0A7003C3B14 /* Debug */ = {
			isa = XCBuildConfiguration;
			buildSettings = {
				ALWAYS_SEARCH_USER_PATHS = NO;
				CLANG_ANALYZER_NONNULL = YES;
				CLANG_CXX_LANGUAGE_STANDARD = "gnu++0x";
				CLANG_CXX_LIBRARY = "libc++";
				CLANG_ENABLE_MODULES = YES;
				CLANG_ENABLE_OBJC_ARC = YES;
				CLANG_WARN_BOOL_CONVERSION = YES;
				CLANG_WARN_CONSTANT_CONVERSION = YES;
				CLANG_WARN_DIRECT_OBJC_ISA_USAGE = YES_ERROR;
				CLANG_WARN_DOCUMENTATION_COMMENTS = YES;
				CLANG_WARN_EMPTY_BODY = YES;
				CLANG_WARN_ENUM_CONVERSION = YES;
				CLANG_WARN_INFINITE_RECURSION = YES;
				CLANG_WARN_INT_CONVERSION = YES;
				CLANG_WARN_OBJC_ROOT_CLASS = YES_ERROR;
				CLANG_WARN_SUSPICIOUS_MOVE = YES;
				CLANG_WARN_UNREACHABLE_CODE = YES;
				CLANG_WARN__DUPLICATE_METHOD_MATCH = YES;
				"CODE_SIGN_IDENTITY[sdk=iphoneos*]" = "iPhone Developer";
				COPY_PHASE_STRIP = NO;
				DEBUG_INFORMATION_FORMAT = dwarf;
				ENABLE_STRICT_OBJC_MSGSEND = YES;
				ENABLE_TESTABILITY = YES;
				GCC_C_LANGUAGE_STANDARD = gnu99;
				GCC_DYNAMIC_NO_PIC = NO;
				GCC_NO_COMMON_BLOCKS = YES;
				GCC_OPTIMIZATION_LEVEL = 0;
				GCC_PREPROCESSOR_DEFINITIONS = (
					"DEBUG=1",
					"$(inherited)",
				);
				GCC_WARN_64_TO_32_BIT_CONVERSION = YES;
				GCC_WARN_ABOUT_RETURN_TYPE = YES_ERROR;
				GCC_WARN_UNDECLARED_SELECTOR = YES;
				GCC_WARN_UNINITIALIZED_AUTOS = YES_AGGRESSIVE;
				GCC_WARN_UNUSED_FUNCTION = YES;
				GCC_WARN_UNUSED_VARIABLE = YES;
				IPHONEOS_DEPLOYMENT_TARGET = 10.2;
				MTL_ENABLE_DEBUG_INFO = YES;
				ONLY_ACTIVE_ARCH = YES;
				SDKROOT = iphoneos;
				TARGETED_DEVICE_FAMILY = "1,2";
			};
			name = Debug;
		};
		5DE993301E6EA0A7003C3B14 /* Release */ = {
			isa = XCBuildConfiguration;
			buildSettings = {
				ALWAYS_SEARCH_USER_PATHS = NO;
				CLANG_ANALYZER_NONNULL = YES;
				CLANG_CXX_LANGUAGE_STANDARD = "gnu++0x";
				CLANG_CXX_LIBRARY = "libc++";
				CLANG_ENABLE_MODULES = YES;
				CLANG_ENABLE_OBJC_ARC = YES;
				CLANG_WARN_BOOL_CONVERSION = YES;
				CLANG_WARN_CONSTANT_CONVERSION = YES;
				CLANG_WARN_DIRECT_OBJC_ISA_USAGE = YES_ERROR;
				CLANG_WARN_DOCUMENTATION_COMMENTS = YES;
				CLANG_WARN_EMPTY_BODY = YES;
				CLANG_WARN_ENUM_CONVERSION = YES;
				CLANG_WARN_INFINITE_RECURSION = YES;
				CLANG_WARN_INT_CONVERSION = YES;
				CLANG_WARN_OBJC_ROOT_CLASS = YES_ERROR;
				CLANG_WARN_SUSPICIOUS_MOVE = YES;
				CLANG_WARN_UNREACHABLE_CODE = YES;
				CLANG_WARN__DUPLICATE_METHOD_MATCH = YES;
				"CODE_SIGN_IDENTITY[sdk=iphoneos*]" = "iPhone Developer";
				COPY_PHASE_STRIP = NO;
				DEBUG_INFORMATION_FORMAT = "dwarf-with-dsym";
				ENABLE_NS_ASSERTIONS = NO;
				ENABLE_STRICT_OBJC_MSGSEND = YES;
				GCC_C_LANGUAGE_STANDARD = gnu99;
				GCC_NO_COMMON_BLOCKS = YES;
				GCC_WARN_64_TO_32_BIT_CONVERSION = YES;
				GCC_WARN_ABOUT_RETURN_TYPE = YES_ERROR;
				GCC_WARN_UNDECLARED_SELECTOR = YES;
				GCC_WARN_UNINITIALIZED_AUTOS = YES_AGGRESSIVE;
				GCC_WARN_UNUSED_FUNCTION = YES;
				GCC_WARN_UNUSED_VARIABLE = YES;
				IPHONEOS_DEPLOYMENT_TARGET = 10.2;
				MTL_ENABLE_DEBUG_INFO = NO;
				SDKROOT = iphoneos;
				TARGETED_DEVICE_FAMILY = "1,2";
				VALIDATE_PRODUCT = YES;
			};
			name = Release;
		};
		5DE993321E6EA0A7003C3B14 /* Debug */ = {
			isa = XCBuildConfiguration;
			baseConfigurationReference = 937C70EFB9CBE218B2268F74 /* Pods-YueDongQuan.debug.xcconfig */;
			buildSettings = {
				ASSETCATALOG_COMPILER_APPICON_NAME = AppIcon;
				ASSETCATALOG_COMPILER_LAUNCHIMAGE_NAME = LaunchImage;
				GCC_PREFIX_HEADER = YueDongQuan/PrefixHeader.pch;
				INFOPLIST_FILE = YueDongQuan/Info.plist;
				IPHONEOS_DEPLOYMENT_TARGET = 8.0;
				LD_RUNPATH_SEARCH_PATHS = "$(inherited) @executable_path/Frameworks";
				PRODUCT_BUNDLE_IDENTIFIER = clj.YueDongQuan.com;
				PRODUCT_NAME = "$(TARGET_NAME)";
				TARGETED_DEVICE_FAMILY = 1;
			};
			name = Debug;
		};
		5DE993331E6EA0A7003C3B14 /* Release */ = {
			isa = XCBuildConfiguration;
			baseConfigurationReference = 8DD18A00799FCC45907DEE9D /* Pods-YueDongQuan.release.xcconfig */;
			buildSettings = {
				ASSETCATALOG_COMPILER_APPICON_NAME = AppIcon;
				ASSETCATALOG_COMPILER_LAUNCHIMAGE_NAME = LaunchImage;
				GCC_PREFIX_HEADER = YueDongQuan/PrefixHeader.pch;
				INFOPLIST_FILE = YueDongQuan/Info.plist;
				IPHONEOS_DEPLOYMENT_TARGET = 8.0;
				LD_RUNPATH_SEARCH_PATHS = "$(inherited) @executable_path/Frameworks";
				PRODUCT_BUNDLE_IDENTIFIER = clj.YueDongQuan.com;
				PRODUCT_NAME = "$(TARGET_NAME)";
				TARGETED_DEVICE_FAMILY = 1;
			};
			name = Release;
		};
		5DE993351E6EA0A7003C3B14 /* Debug */ = {
			isa = XCBuildConfiguration;
			baseConfigurationReference = CAF51E8C3BEEC003E20FD240 /* Pods-YueDongQuanTests.debug.xcconfig */;
			buildSettings = {
				BUNDLE_LOADER = "$(TEST_HOST)";
				INFOPLIST_FILE = YueDongQuanTests/Info.plist;
				LD_RUNPATH_SEARCH_PATHS = "$(inherited) @executable_path/Frameworks @loader_path/Frameworks";
				PRODUCT_BUNDLE_IDENTIFIER = clj.YueDongQuanTests;
				PRODUCT_NAME = "$(TARGET_NAME)";
				TEST_HOST = "$(BUILT_PRODUCTS_DIR)/YueDongQuan.app/YueDongQuan";
			};
			name = Debug;
		};
		5DE993361E6EA0A7003C3B14 /* Release */ = {
			isa = XCBuildConfiguration;
			baseConfigurationReference = CCBB3DB071C5F7BF27601E15 /* Pods-YueDongQuanTests.release.xcconfig */;
			buildSettings = {
				BUNDLE_LOADER = "$(TEST_HOST)";
				INFOPLIST_FILE = YueDongQuanTests/Info.plist;
				LD_RUNPATH_SEARCH_PATHS = "$(inherited) @executable_path/Frameworks @loader_path/Frameworks";
				PRODUCT_BUNDLE_IDENTIFIER = clj.YueDongQuanTests;
				PRODUCT_NAME = "$(TARGET_NAME)";
				TEST_HOST = "$(BUILT_PRODUCTS_DIR)/YueDongQuan.app/YueDongQuan";
			};
			name = Release;
		};
		5DE993381E6EA0A7003C3B14 /* Debug */ = {
			isa = XCBuildConfiguration;
			baseConfigurationReference = 88824AC642BFE77B603D8706 /* Pods-YueDongQuanUITests.debug.xcconfig */;
			buildSettings = {
				INFOPLIST_FILE = YueDongQuanUITests/Info.plist;
				LD_RUNPATH_SEARCH_PATHS = "$(inherited) @executable_path/Frameworks @loader_path/Frameworks";
				PRODUCT_BUNDLE_IDENTIFIER = clj.YueDongQuanUITests;
				PRODUCT_NAME = "$(TARGET_NAME)";
				TEST_TARGET_NAME = YueDongQuan;
			};
			name = Debug;
		};
		5DE993391E6EA0A7003C3B14 /* Release */ = {
			isa = XCBuildConfiguration;
			baseConfigurationReference = 2F73552BB40F86A5147BA2BB /* Pods-YueDongQuanUITests.release.xcconfig */;
			buildSettings = {
				INFOPLIST_FILE = YueDongQuanUITests/Info.plist;
				LD_RUNPATH_SEARCH_PATHS = "$(inherited) @executable_path/Frameworks @loader_path/Frameworks";
				PRODUCT_BUNDLE_IDENTIFIER = clj.YueDongQuanUITests;
				PRODUCT_NAME = "$(TARGET_NAME)";
				TEST_TARGET_NAME = YueDongQuan;
			};
			name = Release;
		};
/* End XCBuildConfiguration section */

/* Begin XCConfigurationList section */
		5DE992FF1E6EA0A7003C3B14 /* Build configuration list for PBXProject "YueDongQuan" */ = {
			isa = XCConfigurationList;
			buildConfigurations = (
				5DE9932F1E6EA0A7003C3B14 /* Debug */,
				5DE993301E6EA0A7003C3B14 /* Release */,
			);
			defaultConfigurationIsVisible = 0;
			defaultConfigurationName = Release;
		};
		5DE993311E6EA0A7003C3B14 /* Build configuration list for PBXNativeTarget "YueDongQuan" */ = {
			isa = XCConfigurationList;
			buildConfigurations = (
				5DE993321E6EA0A7003C3B14 /* Debug */,
				5DE993331E6EA0A7003C3B14 /* Release */,
			);
			defaultConfigurationIsVisible = 0;
			defaultConfigurationName = Release;
		};
		5DE993341E6EA0A7003C3B14 /* Build configuration list for PBXNativeTarget "YueDongQuanTests" */ = {
			isa = XCConfigurationList;
			buildConfigurations = (
				5DE993351E6EA0A7003C3B14 /* Debug */,
				5DE993361E6EA0A7003C3B14 /* Release */,
			);
			defaultConfigurationIsVisible = 0;
			defaultConfigurationName = Release;
		};
		5DE993371E6EA0A7003C3B14 /* Build configuration list for PBXNativeTarget "YueDongQuanUITests" */ = {
			isa = XCConfigurationList;
			buildConfigurations = (
				5DE993381E6EA0A7003C3B14 /* Debug */,
				5DE993391E6EA0A7003C3B14 /* Release */,
			);
			defaultConfigurationIsVisible = 0;
			defaultConfigurationName = Release;
		};
/* End XCConfigurationList section */
	};
	rootObject = 5DE992FC1E6EA0A7003C3B14 /* Project object */;
}
