// !$*UTF8*$!
{
	archiveVersion = 1;
	classes = {
	};
	objectVersion = 46;
	objects = {

/* Begin PBXBuildFile section */
		5D37EF831E6ECF8E00BD4702 /* MainTabBarVC.m in Sources */ = {isa = PBXBuildFile; fileRef = 5D37EF821E6ECF8E00BD4702 /* MainTabBarVC.m */; };
		5D37EF861E6ED28800BD4702 /* SportsViewController.m in Sources */ = {isa = PBXBuildFile; fileRef = 5D37EF851E6ED28800BD4702 /* SportsViewController.m */; };
		5D37EF891E6ED7EC00BD4702 /* Sports.storyboard in Resources */ = {isa = PBXBuildFile; fileRef = 5D37EF871E6ED7EC00BD4702 /* Sports.storyboard */; };
		5D37EF8C1E6ED85A00BD4702 /* Challenge.storyboard in Resources */ = {isa = PBXBuildFile; fileRef = 5D37EF8A1E6ED85A00BD4702 /* Challenge.storyboard */; };
		5D37EF8F1E6ED88700BD4702 /* Explore.storyboard in Resources */ = {isa = PBXBuildFile; fileRef = 5D37EF8D1E6ED88700BD4702 /* Explore.storyboard */; };
		5D37EF911E6ED8A300BD4702 /* Social.storyboard in Resources */ = {isa = PBXBuildFile; fileRef = 5D37EF901E6ED8A300BD4702 /* Social.storyboard */; };
		5D37EF941E6ED8C100BD4702 /* Profile.storyboard in Resources */ = {isa = PBXBuildFile; fileRef = 5D37EF921E6ED8C100BD4702 /* Profile.storyboard */; };
		5D37EF9B1E6EE02900BD4702 /* UIBarButtonItem+CLJExtension.m in Sources */ = {isa = PBXBuildFile; fileRef = 5D37EF981E6EE02900BD4702 /* UIBarButtonItem+CLJExtension.m */; };
		5D37EF9C1E6EE02900BD4702 /* UIView+CLJExtension.m in Sources */ = {isa = PBXBuildFile; fileRef = 5D37EF9A1E6EE02900BD4702 /* UIView+CLJExtension.m */; };
		5D37EF9E1E6EE03B00BD4702 /* Foundation+Log.m in Sources */ = {isa = PBXBuildFile; fileRef = 5D37EF9D1E6EE03B00BD4702 /* Foundation+Log.m */; };
		5DE993091E6EA0A7003C3B14 /* main.m in Sources */ = {isa = PBXBuildFile; fileRef = 5DE993081E6EA0A7003C3B14 /* main.m */; };
		5DE9930C1E6EA0A7003C3B14 /* AppDelegate.m in Sources */ = {isa = PBXBuildFile; fileRef = 5DE9930B1E6EA0A7003C3B14 /* AppDelegate.m */; };
		5DE993121E6EA0A7003C3B14 /* Main.storyboard in Resources */ = {isa = PBXBuildFile; fileRef = 5DE993101E6EA0A7003C3B14 /* Main.storyboard */; };
		5DE993141E6EA0A7003C3B14 /* Assets.xcassets in Resources */ = {isa = PBXBuildFile; fileRef = 5DE993131E6EA0A7003C3B14 /* Assets.xcassets */; };
		5DE993171E6EA0A7003C3B14 /* LaunchScreen.storyboard in Resources */ = {isa = PBXBuildFile; fileRef = 5DE993151E6EA0A7003C3B14 /* LaunchScreen.storyboard */; };
		5DE993221E6EA0A7003C3B14 /* YueDongQuanTests.m in Sources */ = {isa = PBXBuildFile; fileRef = 5DE993211E6EA0A7003C3B14 /* YueDongQuanTests.m */; };
		5DE9932D1E6EA0A7003C3B14 /* YueDongQuanUITests.m in Sources */ = {isa = PBXBuildFile; fileRef = 5DE9932C1E6EA0A7003C3B14 /* YueDongQuanUITests.m */; };
/* End PBXBuildFile section */

/* Begin PBXContainerItemProxy section */
		5DE9931E1E6EA0A7003C3B14 /* PBXContainerItemProxy */ = {
			isa = PBXContainerItemProxy;
			containerPortal = 5DE992FC1E6EA0A7003C3B14 /* Project object */;
			proxyType = 1;
			remoteGlobalIDString = 5DE993031E6EA0A7003C3B14;
			remoteInfo = YueDongQuan;
		};
		5DE993291E6EA0A7003C3B14 /* PBXContainerItemProxy */ = {
			isa = PBXContainerItemProxy;
			containerPortal = 5DE992FC1E6EA0A7003C3B14 /* Project object */;
			proxyType = 1;
			remoteGlobalIDString = 5DE993031E6EA0A7003C3B14;
			remoteInfo = YueDongQuan;
		};
/* End PBXContainerItemProxy section */

/* Begin PBXFileReference section */
		5D37EF811E6ECF8E00BD4702 /* MainTabBarVC.h */ = {isa = PBXFileReference; fileEncoding = 4; lastKnownFileType = sourcecode.c.h; path = MainTabBarVC.h; sourceTree = "<group>"; };
		5D37EF821E6ECF8E00BD4702 /* MainTabBarVC.m */ = {isa = PBXFileReference; fileEncoding = 4; lastKnownFileType = sourcecode.c.objc; path = MainTabBarVC.m; sourceTree = "<group>"; };
		5D37EF841E6ED28800BD4702 /* SportsViewController.h */ = {isa = PBXFileReference; fileEncoding = 4; lastKnownFileType = sourcecode.c.h; path = SportsViewController.h; sourceTree = "<group>"; };
		5D37EF851E6ED28800BD4702 /* SportsViewController.m */ = {isa = PBXFileReference; fileEncoding = 4; lastKnownFileType = sourcecode.c.objc; path = SportsViewController.m; sourceTree = "<group>"; };
		5D37EF881E6ED7EC00BD4702 /* Base */ = {isa = PBXFileReference; lastKnownFileType = file.storyboard; name = Base; path = YueDongQuan/Base.lproj/Sports.storyboard; sourceTree = SOURCE_ROOT; };
		5D37EF8B1E6ED85A00BD4702 /* Base */ = {isa = PBXFileReference; lastKnownFileType = file.storyboard; name = Base; path = YueDongQuan/Base.lproj/Challenge.storyboard; sourceTree = SOURCE_ROOT; };
		5D37EF8E1E6ED88700BD4702 /* Base */ = {isa = PBXFileReference; lastKnownFileType = file.storyboard; name = Base; path = YueDongQuan/Base.lproj/Explore.storyboard; sourceTree = SOURCE_ROOT; };
		5D37EF901E6ED8A300BD4702 /* Social.storyboard */ = {isa = PBXFileReference; fileEncoding = 4; lastKnownFileType = file.storyboard; name = Social.storyboard; path = ../../Main/Controller/Social.storyboard; sourceTree = "<group>"; };
		5D37EF931E6ED8C100BD4702 /* Base */ = {isa = PBXFileReference; lastKnownFileType = file.storyboard; name = Base; path = YueDongQuan/Base.lproj/Profile.storyboard; sourceTree = SOURCE_ROOT; };
		5D37EF951E6EDDF300BD4702 /* PrefixHeader.pch */ = {isa = PBXFileReference; lastKnownFileType = sourcecode.c.h; path = PrefixHeader.pch; sourceTree = "<group>"; };
		5D37EF971E6EE02900BD4702 /* UIBarButtonItem+CLJExtension.h */ = {isa = PBXFileReference; fileEncoding = 4; lastKnownFileType = sourcecode.c.h; path = "UIBarButtonItem+CLJExtension.h"; sourceTree = "<group>"; };
		5D37EF981E6EE02900BD4702 /* UIBarButtonItem+CLJExtension.m */ = {isa = PBXFileReference; fileEncoding = 4; lastKnownFileType = sourcecode.c.objc; path = "UIBarButtonItem+CLJExtension.m"; sourceTree = "<group>"; };
		5D37EF991E6EE02900BD4702 /* UIView+CLJExtension.h */ = {isa = PBXFileReference; fileEncoding = 4; lastKnownFileType = sourcecode.c.h; path = "UIView+CLJExtension.h"; sourceTree = "<group>"; };
		5D37EF9A1E6EE02900BD4702 /* UIView+CLJExtension.m */ = {isa = PBXFileReference; fileEncoding = 4; lastKnownFileType = sourcecode.c.objc; path = "UIView+CLJExtension.m"; sourceTree = "<group>"; };
		5D37EF9D1E6EE03B00BD4702 /* Foundation+Log.m */ = {isa = PBXFileReference; fileEncoding = 4; lastKnownFileType = sourcecode.c.objc; path = "Foundation+Log.m"; sourceTree = "<group>"; };
		5DE993041E6EA0A7003C3B14 /* YueDongQuan.app */ = {isa = PBXFileReference; explicitFileType = wrapper.application; includeInIndex = 0; path = YueDongQuan.app; sourceTree = BUILT_PRODUCTS_DIR; };
		5DE993081E6EA0A7003C3B14 /* main.m */ = {isa = PBXFileReference; lastKnownFileType = sourcecode.c.objc; path = main.m; sourceTree = "<group>"; };
		5DE9930A1E6EA0A7003C3B14 /* AppDelegate.h */ = {isa = PBXFileReference; lastKnownFileType = sourcecode.c.h; path = AppDelegate.h; sourceTree = "<group>"; };
		5DE9930B1E6EA0A7003C3B14 /* AppDelegate.m */ = {isa = PBXFileReference; lastKnownFileType = sourcecode.c.objc; path = AppDelegate.m; sourceTree = "<group>"; };
		5DE993111E6EA0A7003C3B14 /* Base */ = {isa = PBXFileReference; lastKnownFileType = file.storyboard; name = Base; path = Base.lproj/Main.storyboard; sourceTree = "<group>"; };
		5DE993131E6EA0A7003C3B14 /* Assets.xcassets */ = {isa = PBXFileReference; lastKnownFileType = folder.assetcatalog; path = Assets.xcassets; sourceTree = "<group>"; };
		5DE993161E6EA0A7003C3B14 /* Base */ = {isa = PBXFileReference; lastKnownFileType = file.storyboard; name = Base; path = Base.lproj/LaunchScreen.storyboard; sourceTree = "<group>"; };
		5DE993181E6EA0A7003C3B14 /* Info.plist */ = {isa = PBXFileReference; lastKnownFileType = text.plist.xml; path = Info.plist; sourceTree = "<group>"; };
		5DE9931D1E6EA0A7003C3B14 /* YueDongQuanTests.xctest */ = {isa = PBXFileReference; explicitFileType = wrapper.cfbundle; includeInIndex = 0; path = YueDongQuanTests.xctest; sourceTree = BUILT_PRODUCTS_DIR; };
		5DE993211E6EA0A7003C3B14 /* YueDongQuanTests.m */ = {isa = PBXFileReference; lastKnownFileType = sourcecode.c.objc; path = YueDongQuanTests.m; sourceTree = "<group>"; };
		5DE993231E6EA0A7003C3B14 /* Info.plist */ = {isa = PBXFileReference; lastKnownFileType = text.plist.xml; path = Info.plist; sourceTree = "<group>"; };
		5DE993281E6EA0A7003C3B14 /* YueDongQuanUITests.xctest */ = {isa = PBXFileReference; explicitFileType = wrapper.cfbundle; includeInIndex = 0; path = YueDongQuanUITests.xctest; sourceTree = BUILT_PRODUCTS_DIR; };
		5DE9932C1E6EA0A7003C3B14 /* YueDongQuanUITests.m */ = {isa = PBXFileReference; lastKnownFileType = sourcecode.c.objc; path = YueDongQuanUITests.m; sourceTree = "<group>"; };
		5DE9932E1E6EA0A7003C3B14 /* Info.plist */ = {isa = PBXFileReference; lastKnownFileType = text.plist.xml; path = Info.plist; sourceTree = "<group>"; };
/* End PBXFileReference section */

/* Begin PBXFrameworksBuildPhase section */
		5DE993011E6EA0A7003C3B14 /* Frameworks */ = {
			isa = PBXFrameworksBuildPhase;
			buildActionMask = 2147483647;
			files = (
			);
			runOnlyForDeploymentPostprocessing = 0;
		};
		5DE9931A1E6EA0A7003C3B14 /* Frameworks */ = {
			isa = PBXFrameworksBuildPhase;
			buildActionMask = 2147483647;
			files = (
			);
			runOnlyForDeploymentPostprocessing = 0;
		};
		5DE993251E6EA0A7003C3B14 /* Frameworks */ = {
			isa = PBXFrameworksBuildPhase;
			buildActionMask = 2147483647;
			files = (
			);
			runOnlyForDeploymentPostprocessing = 0;
		};
/* End PBXFrameworksBuildPhase section */

/* Begin PBXGroup section */
		5D37EF621E6ECE6100BD4702 /* Classes */ = {
			isa = PBXGroup;
			children = (
				5D37EF6D1E6ECE6100BD4702 /* Main */,
				5D37EF7C1E6ECE6100BD4702 /* Sports */,
				5D37EF631E6ECE6100BD4702 /* Challenge */,
				5D37EF681E6ECE6100BD4702 /* Explore */,
				5D37EF771E6ECE6100BD4702 /* Social */,
				5D37EF721E6ECE6100BD4702 /* Profile */,
			);
			path = Classes;
			sourceTree = "<group>";
		};
		5D37EF631E6ECE6100BD4702 /* Challenge */ = {
			isa = PBXGroup;
			children = (
				5D37EF641E6ECE6100BD4702 /* Controller */,
				5D37EF651E6ECE6100BD4702 /* Model */,
				5D37EF661E6ECE6100BD4702 /* View */,
				5D37EF671E6ECE6100BD4702 /* ViewModel */,
			);
			path = Challenge;
			sourceTree = "<group>";
		};
		5D37EF641E6ECE6100BD4702 /* Controller */ = {
			isa = PBXGroup;
			children = (
				5D37EF8A1E6ED85A00BD4702 /* Challenge.storyboard */,
			);
			path = Controller;
			sourceTree = "<group>";
		};
		5D37EF651E6ECE6100BD4702 /* Model */ = {
			isa = PBXGroup;
			children = (
			);
			path = Model;
			sourceTree = "<group>";
		};
		5D37EF661E6ECE6100BD4702 /* View */ = {
			isa = PBXGroup;
			children = (
			);
			path = View;
			sourceTree = "<group>";
		};
		5D37EF671E6ECE6100BD4702 /* ViewModel */ = {
			isa = PBXGroup;
			children = (
			);
			path = ViewModel;
			sourceTree = "<group>";
		};
		5D37EF681E6ECE6100BD4702 /* Explore */ = {
			isa = PBXGroup;
			children = (
				5D37EF691E6ECE6100BD4702 /* Controller */,
				5D37EF6A1E6ECE6100BD4702 /* Model */,
				5D37EF6B1E6ECE6100BD4702 /* View */,
				5D37EF6C1E6ECE6100BD4702 /* ViewModel */,
			);
			path = Explore;
			sourceTree = "<group>";
		};
		5D37EF691E6ECE6100BD4702 /* Controller */ = {
			isa = PBXGroup;
			children = (
				5D37EF8D1E6ED88700BD4702 /* Explore.storyboard */,
			);
			path = Controller;
			sourceTree = "<group>";
		};
		5D37EF6A1E6ECE6100BD4702 /* Model */ = {
			isa = PBXGroup;
			children = (
			);
			path = Model;
			sourceTree = "<group>";
		};
		5D37EF6B1E6ECE6100BD4702 /* View */ = {
			isa = PBXGroup;
			children = (
			);
			path = View;
			sourceTree = "<group>";
		};
		5D37EF6C1E6ECE6100BD4702 /* ViewModel */ = {
			isa = PBXGroup;
			children = (
			);
			path = ViewModel;
			sourceTree = "<group>";
		};
		5D37EF6D1E6ECE6100BD4702 /* Main */ = {
			isa = PBXGroup;
			children = (
				5D37EF961E6EE02900BD4702 /* Categroy */,
				5D37EF6E1E6ECE6100BD4702 /* Controller */,
				5D37EF6F1E6ECE6100BD4702 /* Model */,
				5D37EF701E6ECE6100BD4702 /* View */,
				5D37EF711E6ECE6100BD4702 /* ViewModel */,
			);
			path = Main;
			sourceTree = "<group>";
		};
		5D37EF6E1E6ECE6100BD4702 /* Controller */ = {
			isa = PBXGroup;
			children = (
				5DE993101E6EA0A7003C3B14 /* Main.storyboard */,
				5D37EF811E6ECF8E00BD4702 /* MainTabBarVC.h */,
				5D37EF821E6ECF8E00BD4702 /* MainTabBarVC.m */,
			);
			path = Controller;
			sourceTree = "<group>";
		};
		5D37EF6F1E6ECE6100BD4702 /* Model */ = {
			isa = PBXGroup;
			children = (
			);
			path = Model;
			sourceTree = "<group>";
		};
		5D37EF701E6ECE6100BD4702 /* View */ = {
			isa = PBXGroup;
			children = (
			);
			path = View;
			sourceTree = "<group>";
		};
		5D37EF711E6ECE6100BD4702 /* ViewModel */ = {
			isa = PBXGroup;
			children = (
			);
			path = ViewModel;
			sourceTree = "<group>";
		};
		5D37EF721E6ECE6100BD4702 /* Profile */ = {
			isa = PBXGroup;
			children = (
				5D37EF731E6ECE6100BD4702 /* Controller */,
				5D37EF741E6ECE6100BD4702 /* Model */,
				5D37EF751E6ECE6100BD4702 /* View */,
				5D37EF761E6ECE6100BD4702 /* ViewModel */,
			);
			path = Profile;
			sourceTree = "<group>";
		};
		5D37EF731E6ECE6100BD4702 /* Controller */ = {
			isa = PBXGroup;
			children = (
				5D37EF921E6ED8C100BD4702 /* Profile.storyboard */,
			);
			path = Controller;
			sourceTree = "<group>";
		};
		5D37EF741E6ECE6100BD4702 /* Model */ = {
			isa = PBXGroup;
			children = (
			);
			path = Model;
			sourceTree = "<group>";
		};
		5D37EF751E6ECE6100BD4702 /* View */ = {
			isa = PBXGroup;
			children = (
			);
			path = View;
			sourceTree = "<group>";
		};
		5D37EF761E6ECE6100BD4702 /* ViewModel */ = {
			isa = PBXGroup;
			children = (
			);
			path = ViewModel;
			sourceTree = "<group>";
		};
		5D37EF771E6ECE6100BD4702 /* Social */ = {
			isa = PBXGroup;
			children = (
				5D37EF781E6ECE6100BD4702 /* Controller */,
				5D37EF791E6ECE6100BD4702 /* Model */,
				5D37EF7A1E6ECE6100BD4702 /* View */,
				5D37EF7B1E6ECE6100BD4702 /* ViewModel */,
			);
			path = Social;
			sourceTree = "<group>";
		};
		5D37EF781E6ECE6100BD4702 /* Controller */ = {
			isa = PBXGroup;
			children = (
				5D37EF901E6ED8A300BD4702 /* Social.storyboard */,
			);
			path = Controller;
			sourceTree = "<group>";
		};
		5D37EF791E6ECE6100BD4702 /* Model */ = {
			isa = PBXGroup;
			children = (
			);
			path = Model;
			sourceTree = "<group>";
		};
		5D37EF7A1E6ECE6100BD4702 /* View */ = {
			isa = PBXGroup;
			children = (
			);
			path = View;
			sourceTree = "<group>";
		};
		5D37EF7B1E6ECE6100BD4702 /* ViewModel */ = {
			isa = PBXGroup;
			children = (
			);
			path = ViewModel;
			sourceTree = "<group>";
		};
		5D37EF7C1E6ECE6100BD4702 /* Sports */ = {
			isa = PBXGroup;
			children = (
				5D37EF7D1E6ECE6100BD4702 /* Controller */,
				5D37EF7E1E6ECE6100BD4702 /* Model */,
				5D37EF7F1E6ECE6100BD4702 /* View */,
				5D37EF801E6ECE6100BD4702 /* ViewModel */,
			);
			path = Sports;
			sourceTree = "<group>";
		};
		5D37EF7D1E6ECE6100BD4702 /* Controller */ = {
			isa = PBXGroup;
			children = (
				5D37EF871E6ED7EC00BD4702 /* Sports.storyboard */,
				5D37EF841E6ED28800BD4702 /* SportsViewController.h */,
				5D37EF851E6ED28800BD4702 /* SportsViewController.m */,
			);
			path = Controller;
			sourceTree = "<group>";
		};
		5D37EF7E1E6ECE6100BD4702 /* Model */ = {
			isa = PBXGroup;
			children = (
			);
			path = Model;
			sourceTree = "<group>";
		};
		5D37EF7F1E6ECE6100BD4702 /* View */ = {
			isa = PBXGroup;
			children = (
			);
			path = View;
			sourceTree = "<group>";
		};
		5D37EF801E6ECE6100BD4702 /* ViewModel */ = {
			isa = PBXGroup;
			children = (
			);
			path = ViewModel;
			sourceTree = "<group>";
		};
		5D37EF961E6EE02900BD4702 /* Categroy */ = {
			isa = PBXGroup;
			children = (
				5D37EF971E6EE02900BD4702 /* UIBarButtonItem+CLJExtension.h */,
				5D37EF981E6EE02900BD4702 /* UIBarButtonItem+CLJExtension.m */,
				5D37EF991E6EE02900BD4702 /* UIView+CLJExtension.h */,
				5D37EF9A1E6EE02900BD4702 /* UIView+CLJExtension.m */,
			);
			path = Categroy;
			sourceTree = "<group>";
		};
		5DE992FB1E6EA0A7003C3B14 = {
			isa = PBXGroup;
			children = (
				5DE993061E6EA0A7003C3B14 /* YueDongQuan */,
				5DE993201E6EA0A7003C3B14 /* YueDongQuanTests */,
				5DE9932B1E6EA0A7003C3B14 /* YueDongQuanUITests */,
				5DE993051E6EA0A7003C3B14 /* Products */,
			);
			sourceTree = "<group>";
		};
		5DE993051E6EA0A7003C3B14 /* Products */ = {
			isa = PBXGroup;
			children = (
				5DE993041E6EA0A7003C3B14 /* YueDongQuan.app */,
				5DE9931D1E6EA0A7003C3B14 /* YueDongQuanTests.xctest */,
				5DE993281E6EA0A7003C3B14 /* YueDongQuanUITests.xctest */,
			);
			name = Products;
			sourceTree = "<group>";
		};
		5DE993061E6EA0A7003C3B14 /* YueDongQuan */ = {
			isa = PBXGroup;
			children = (
				5DE9930A1E6EA0A7003C3B14 /* AppDelegate.h */,
				5DE9930B1E6EA0A7003C3B14 /* AppDelegate.m */,
				5D37EF621E6ECE6100BD4702 /* Classes */,
				5DE993071E6EA0A7003C3B14 /* Supporting Files */,
			);
			path = YueDongQuan;
			sourceTree = "<group>";
		};
		5DE993071E6EA0A7003C3B14 /* Supporting Files */ = {
			isa = PBXGroup;
			children = (
				5D37EF9D1E6EE03B00BD4702 /* Foundation+Log.m */,
				5DE993131E6EA0A7003C3B14 /* Assets.xcassets */,
				5DE993151E6EA0A7003C3B14 /* LaunchScreen.storyboard */,
				5DE993181E6EA0A7003C3B14 /* Info.plist */,
				5DE993081E6EA0A7003C3B14 /* main.m */,
				5D37EF951E6EDDF300BD4702 /* PrefixHeader.pch */,
			);
			name = "Supporting Files";
			sourceTree = "<group>";
		};
		5DE993201E6EA0A7003C3B14 /* YueDongQuanTests */ = {
			isa = PBXGroup;
			children = (
				5DE993211E6EA0A7003C3B14 /* YueDongQuanTests.m */,
				5DE993231E6EA0A7003C3B14 /* Info.plist */,
			);
			path = YueDongQuanTests;
			sourceTree = "<group>";
		};
		5DE9932B1E6EA0A7003C3B14 /* YueDongQuanUITests */ = {
			isa = PBXGroup;
			children = (
				5DE9932C1E6EA0A7003C3B14 /* YueDongQuanUITests.m */,
				5DE9932E1E6EA0A7003C3B14 /* Info.plist */,
			);
			path = YueDongQuanUITests;
			sourceTree = "<group>";
		};
/* End PBXGroup section */

/* Begin PBXNativeTarget section */
		5DE993031E6EA0A7003C3B14 /* YueDongQuan */ = {
			isa = PBXNativeTarget;
			buildConfigurationList = 5DE993311E6EA0A7003C3B14 /* Build configuration list for PBXNativeTarget "YueDongQuan" */;
			buildPhases = (
				5DE993001E6EA0A7003C3B14 /* Sources */,
				5DE993011E6EA0A7003C3B14 /* Frameworks */,
				5DE993021E6EA0A7003C3B14 /* Resources */,
			);
			buildRules = (
			);
			dependencies = (
			);
			name = YueDongQuan;
			productName = YueDongQuan;
			productReference = 5DE993041E6EA0A7003C3B14 /* YueDongQuan.app */;
			productType = "com.apple.product-type.application";
		};
		5DE9931C1E6EA0A7003C3B14 /* YueDongQuanTests */ = {
			isa = PBXNativeTarget;
			buildConfigurationList = 5DE993341E6EA0A7003C3B14 /* Build configuration list for PBXNativeTarget "YueDongQuanTests" */;
			buildPhases = (
				5DE993191E6EA0A7003C3B14 /* Sources */,
				5DE9931A1E6EA0A7003C3B14 /* Frameworks */,
				5DE9931B1E6EA0A7003C3B14 /* Resources */,
			);
			buildRules = (
			);
			dependencies = (
				5DE9931F1E6EA0A7003C3B14 /* PBXTargetDependency */,
			);
			name = YueDongQuanTests;
			productName = YueDongQuanTests;
			productReference = 5DE9931D1E6EA0A7003C3B14 /* YueDongQuanTests.xctest */;
			productType = "com.apple.product-type.bundle.unit-test";
		};
		5DE993271E6EA0A7003C3B14 /* YueDongQuanUITests */ = {
			isa = PBXNativeTarget;
			buildConfigurationList = 5DE993371E6EA0A7003C3B14 /* Build configuration list for PBXNativeTarget "YueDongQuanUITests" */;
			buildPhases = (
				5DE993241E6EA0A7003C3B14 /* Sources */,
				5DE993251E6EA0A7003C3B14 /* Frameworks */,
				5DE993261E6EA0A7003C3B14 /* Resources */,
			);
			buildRules = (
			);
			dependencies = (
				5DE9932A1E6EA0A7003C3B14 /* PBXTargetDependency */,
			);
			name = YueDongQuanUITests;
			productName = YueDongQuanUITests;
			productReference = 5DE993281E6EA0A7003C3B14 /* YueDongQuanUITests.xctest */;
			productType = "com.apple.product-type.bundle.ui-testing";
		};
/* End PBXNativeTarget section */

/* Begin PBXProject section */
		5DE992FC1E6EA0A7003C3B14 /* Project object */ = {
			isa = PBXProject;
			attributes = {
				LastUpgradeCheck = 0820;
				ORGANIZATIONNAME = "陈良静";
				TargetAttributes = {
					5DE993031E6EA0A7003C3B14 = {
						CreatedOnToolsVersion = 8.2.1;
						ProvisioningStyle = Automatic;
					};
					5DE9931C1E6EA0A7003C3B14 = {
						CreatedOnToolsVersion = 8.2.1;
						ProvisioningStyle = Automatic;
						TestTargetID = 5DE993031E6EA0A7003C3B14;
					};
					5DE993271E6EA0A7003C3B14 = {
						CreatedOnToolsVersion = 8.2.1;
						ProvisioningStyle = Automatic;
						TestTargetID = 5DE993031E6EA0A7003C3B14;
					};
				};
			};
			buildConfigurationList = 5DE992FF1E6EA0A7003C3B14 /* Build configuration list for PBXProject "YueDongQuan" */;
			compatibilityVersion = "Xcode 3.2";
			developmentRegion = English;
			hasScannedForEncodings = 0;
			knownRegions = (
				en,
				Base,
			);
			mainGroup = 5DE992FB1E6EA0A7003C3B14;
			productRefGroup = 5DE993051E6EA0A7003C3B14 /* Products */;
			projectDirPath = "";
			projectRoot = "";
			targets = (
				5DE993031E6EA0A7003C3B14 /* YueDongQuan */,
				5DE9931C1E6EA0A7003C3B14 /* YueDongQuanTests */,
				5DE993271E6EA0A7003C3B14 /* YueDongQuanUITests */,
			);
		};
/* End PBXProject section */

/* Begin PBXResourcesBuildPhase section */
		5DE993021E6EA0A7003C3B14 /* Resources */ = {
			isa = PBXResourcesBuildPhase;
			buildActionMask = 2147483647;
			files = (
				5D37EF8C1E6ED85A00BD4702 /* Challenge.storyboard in Resources */,
				5DE993171E6EA0A7003C3B14 /* LaunchScreen.storyboard in Resources */,
				5D37EF891E6ED7EC00BD4702 /* Sports.storyboard in Resources */,
				5D37EF911E6ED8A300BD4702 /* Social.storyboard in Resources */,
				5D37EF8F1E6ED88700BD4702 /* Explore.storyboard in Resources */,
				5DE993141E6EA0A7003C3B14 /* Assets.xcassets in Resources */,
				5D37EF941E6ED8C100BD4702 /* Profile.storyboard in Resources */,
				5DE993121E6EA0A7003C3B14 /* Main.storyboard in Resources */,
			);
			runOnlyForDeploymentPostprocessing = 0;
		};
		5DE9931B1E6EA0A7003C3B14 /* Resources */ = {
			isa = PBXResourcesBuildPhase;
			buildActionMask = 2147483647;
			files = (
			);
			runOnlyForDeploymentPostprocessing = 0;
		};
		5DE993261E6EA0A7003C3B14 /* Resources */ = {
			isa = PBXResourcesBuildPhase;
			buildActionMask = 2147483647;
			files = (
			);
			runOnlyForDeploymentPostprocessing = 0;
		};
/* End PBXResourcesBuildPhase section */

/* Begin PBXSourcesBuildPhase section */
		5DE993001E6EA0A7003C3B14 /* Sources */ = {
			isa = PBXSourcesBuildPhase;
			buildActionMask = 2147483647;
			files = (
				5DE9930C1E6EA0A7003C3B14 /* AppDelegate.m in Sources */,
				5D37EF9E1E6EE03B00BD4702 /* Foundation+Log.m in Sources */,
				5DE993091E6EA0A7003C3B14 /* main.m in Sources */,
				5D37EF9C1E6EE02900BD4702 /* UIView+CLJExtension.m in Sources */,
				5D37EF831E6ECF8E00BD4702 /* MainTabBarVC.m in Sources */,
				5D37EF861E6ED28800BD4702 /* SportsViewController.m in Sources */,
				5D37EF9B1E6EE02900BD4702 /* UIBarButtonItem+CLJExtension.m in Sources */,
			);
			runOnlyForDeploymentPostprocessing = 0;
		};
		5DE993191E6EA0A7003C3B14 /* Sources */ = {
			isa = PBXSourcesBuildPhase;
			buildActionMask = 2147483647;
			files = (
				5DE993221E6EA0A7003C3B14 /* YueDongQuanTests.m in Sources */,
			);
			runOnlyForDeploymentPostprocessing = 0;
		};
		5DE993241E6EA0A7003C3B14 /* Sources */ = {
			isa = PBXSourcesBuildPhase;
			buildActionMask = 2147483647;
			files = (
				5DE9932D1E6EA0A7003C3B14 /* YueDongQuanUITests.m in Sources */,
			);
			runOnlyForDeploymentPostprocessing = 0;
		};
/* End PBXSourcesBuildPhase section */

/* Begin PBXTargetDependency section */
		5DE9931F1E6EA0A7003C3B14 /* PBXTargetDependency */ = {
			isa = PBXTargetDependency;
			target = 5DE993031E6EA0A7003C3B14 /* YueDongQuan */;
			targetProxy = 5DE9931E1E6EA0A7003C3B14 /* PBXContainerItemProxy */;
		};
		5DE9932A1E6EA0A7003C3B14 /* PBXTargetDependency */ = {
			isa = PBXTargetDependency;
			target = 5DE993031E6EA0A7003C3B14 /* YueDongQuan */;
			targetProxy = 5DE993291E6EA0A7003C3B14 /* PBXContainerItemProxy */;
		};
/* End PBXTargetDependency section */

/* Begin PBXVariantGroup section */
		5D37EF871E6ED7EC00BD4702 /* Sports.storyboard */ = {
			isa = PBXVariantGroup;
			children = (
				5D37EF881E6ED7EC00BD4702 /* Base */,
			);
			name = Sports.storyboard;
			path = ../../Main/Controller;
			sourceTree = "<group>";
		};
		5D37EF8A1E6ED85A00BD4702 /* Challenge.storyboard */ = {
			isa = PBXVariantGroup;
			children = (
				5D37EF8B1E6ED85A00BD4702 /* Base */,
			);
			name = Challenge.storyboard;
			path = ../../Main/Controller;
			sourceTree = "<group>";
		};
		5D37EF8D1E6ED88700BD4702 /* Explore.storyboard */ = {
			isa = PBXVariantGroup;
			children = (
				5D37EF8E1E6ED88700BD4702 /* Base */,
			);
			name = Explore.storyboard;
			path = ../../Main/Controller;
			sourceTree = "<group>";
		};
		5D37EF921E6ED8C100BD4702 /* Profile.storyboard */ = {
			isa = PBXVariantGroup;
			children = (
				5D37EF931E6ED8C100BD4702 /* Base */,
			);
			name = Profile.storyboard;
			path = ../../Main/Controller;
			sourceTree = "<group>";
		};
		5DE993101E6EA0A7003C3B14 /* Main.storyboard */ = {
			isa = PBXVariantGroup;
			children = (
				5DE993111E6EA0A7003C3B14 /* Base */,
			);
			name = Main.storyboard;
			path = ../../..;
			sourceTree = "<group>";
		};
		5DE993151E6EA0A7003C3B14 /* LaunchScreen.storyboard */ = {
			isa = PBXVariantGroup;
			children = (
				5DE993161E6EA0A7003C3B14 /* Base */,
			);
			name = LaunchScreen.storyboard;
			sourceTree = "<group>";
		};
/* End PBXVariantGroup section */

/* Begin XCBuildConfiguration section */
		5DE9932F1E6EA0A7003C3B14 /* Debug */ = {
			isa = XCBuildConfiguration;
			buildSettings = {
				ALWAYS_SEARCH_USER_PATHS = NO;
				CLANG_ANALYZER_NONNULL = YES;
				CLANG_CXX_LANGUAGE_STANDARD = "gnu++0x";
				CLANG_CXX_LIBRARY = "libc++";
				CLANG_ENABLE_MODULES = YES;
				CLANG_ENABLE_OBJC_ARC = YES;
				CLANG_WARN_BOOL_CONVERSION = YES;
				CLANG_WARN_CONSTANT_CONVERSION = YES;
				CLANG_WARN_DIRECT_OBJC_ISA_USAGE = YES_ERROR;
				CLANG_WARN_DOCUMENTATION_COMMENTS = YES;
				CLANG_WARN_EMPTY_BODY = YES;
				CLANG_WARN_ENUM_CONVERSION = YES;
				CLANG_WARN_INFINITE_RECURSION = YES;
				CLANG_WARN_INT_CONVERSION = YES;
				CLANG_WARN_OBJC_ROOT_CLASS = YES_ERROR;
				CLANG_WARN_SUSPICIOUS_MOVE = YES;
				CLANG_WARN_UNREACHABLE_CODE = YES;
				CLANG_WARN__DUPLICATE_METHOD_MATCH = YES;
				"CODE_SIGN_IDENTITY[sdk=iphoneos*]" = "iPhone Developer";
				COPY_PHASE_STRIP = NO;
				DEBUG_INFORMATION_FORMAT = dwarf;
				ENABLE_STRICT_OBJC_MSGSEND = YES;
				ENABLE_TESTABILITY = YES;
				GCC_C_LANGUAGE_STANDARD = gnu99;
				GCC_DYNAMIC_NO_PIC = NO;
				GCC_NO_COMMON_BLOCKS = YES;
				GCC_OPTIMIZATION_LEVEL = 0;
				GCC_PREPROCESSOR_DEFINITIONS = (
					"DEBUG=1",
					"$(inherited)",
				);
				GCC_WARN_64_TO_32_BIT_CONVERSION = YES;
				GCC_WARN_ABOUT_RETURN_TYPE = YES_ERROR;
				GCC_WARN_UNDECLARED_SELECTOR = YES;
				GCC_WARN_UNINITIALIZED_AUTOS = YES_AGGRESSIVE;
				GCC_WARN_UNUSED_FUNCTION = YES;
				GCC_WARN_UNUSED_VARIABLE = YES;
				IPHONEOS_DEPLOYMENT_TARGET = 10.2;
				MTL_ENABLE_DEBUG_INFO = YES;
				ONLY_ACTIVE_ARCH = YES;
				SDKROOT = iphoneos;
				TARGETED_DEVICE_FAMILY = "1,2";
			};
			name = Debug;
		};
		5DE993301E6EA0A7003C3B14 /* Release */ = {
			isa = XCBuildConfiguration;
			buildSettings = {
				ALWAYS_SEARCH_USER_PATHS = NO;
				CLANG_ANALYZER_NONNULL = YES;
				CLANG_CXX_LANGUAGE_STANDARD = "gnu++0x";
				CLANG_CXX_LIBRARY = "libc++";
				CLANG_ENABLE_MODULES = YES;
				CLANG_ENABLE_OBJC_ARC = YES;
				CLANG_WARN_BOOL_CONVERSION = YES;
				CLANG_WARN_CONSTANT_CONVERSION = YES;
				CLANG_WARN_DIRECT_OBJC_ISA_USAGE = YES_ERROR;
				CLANG_WARN_DOCUMENTATION_COMMENTS = YES;
				CLANG_WARN_EMPTY_BODY = YES;
				CLANG_WARN_ENUM_CONVERSION = YES;
				CLANG_WARN_INFINITE_RECURSION = YES;
				CLANG_WARN_INT_CONVERSION = YES;
				CLANG_WARN_OBJC_ROOT_CLASS = YES_ERROR;
				CLANG_WARN_SUSPICIOUS_MOVE = YES;
				CLANG_WARN_UNREACHABLE_CODE = YES;
				CLANG_WARN__DUPLICATE_METHOD_MATCH = YES;
				"CODE_SIGN_IDENTITY[sdk=iphoneos*]" = "iPhone Developer";
				COPY_PHASE_STRIP = NO;
				DEBUG_INFORMATION_FORMAT = "dwarf-with-dsym";
				ENABLE_NS_ASSERTIONS = NO;
				ENABLE_STRICT_OBJC_MSGSEND = YES;
				GCC_C_LANGUAGE_STANDARD = gnu99;
				GCC_NO_COMMON_BLOCKS = YES;
				GCC_WARN_64_TO_32_BIT_CONVERSION = YES;
				GCC_WARN_ABOUT_RETURN_TYPE = YES_ERROR;
				GCC_WARN_UNDECLARED_SELECTOR = YES;
				GCC_WARN_UNINITIALIZED_AUTOS = YES_AGGRESSIVE;
				GCC_WARN_UNUSED_FUNCTION = YES;
				GCC_WARN_UNUSED_VARIABLE = YES;
				IPHONEOS_DEPLOYMENT_TARGET = 10.2;
				MTL_ENABLE_DEBUG_INFO = NO;
				SDKROOT = iphoneos;
				TARGETED_DEVICE_FAMILY = "1,2";
				VALIDATE_PRODUCT = YES;
			};
			name = Release;
		};
		5DE993321E6EA0A7003C3B14 /* Debug */ = {
			isa = XCBuildConfiguration;
			buildSettings = {
				ASSETCATALOG_COMPILER_APPICON_NAME = AppIcon;
				ASSETCATALOG_COMPILER_LAUNCHIMAGE_NAME = LaunchImage;
				GCC_PREFIX_HEADER = YueDongQuan/PrefixHeader.pch;
				INFOPLIST_FILE = YueDongQuan/Info.plist;
				IPHONEOS_DEPLOYMENT_TARGET = 9.0;
				LD_RUNPATH_SEARCH_PATHS = "$(inherited) @executable_path/Frameworks";
				PRODUCT_BUNDLE_IDENTIFIER = clj.YueDongQuan.com;
				PRODUCT_NAME = "$(TARGET_NAME)";
				TARGETED_DEVICE_FAMILY = 1;
			};
			name = Debug;
		};
		5DE993331E6EA0A7003C3B14 /* Release */ = {
			isa = XCBuildConfiguration;
			buildSettings = {
				ASSETCATALOG_COMPILER_APPICON_NAME = AppIcon;
				ASSETCATALOG_COMPILER_LAUNCHIMAGE_NAME = LaunchImage;
				GCC_PREFIX_HEADER = YueDongQuan/PrefixHeader.pch;
				INFOPLIST_FILE = YueDongQuan/Info.plist;
				IPHONEOS_DEPLOYMENT_TARGET = 9.0;
				LD_RUNPATH_SEARCH_PATHS = "$(inherited) @executable_path/Frameworks";
				PRODUCT_BUNDLE_IDENTIFIER = clj.YueDongQuan.com;
				PRODUCT_NAME = "$(TARGET_NAME)";
				TARGETED_DEVICE_FAMILY = 1;
			};
			name = Release;
		};
		5DE993351E6EA0A7003C3B14 /* Debug */ = {
			isa = XCBuildConfiguration;
			buildSettings = {
				BUNDLE_LOADER = "$(TEST_HOST)";
				INFOPLIST_FILE = YueDongQuanTests/Info.plist;
				LD_RUNPATH_SEARCH_PATHS = "$(inherited) @executable_path/Frameworks @loader_path/Frameworks";
				PRODUCT_BUNDLE_IDENTIFIER = clj.YueDongQuanTests;
				PRODUCT_NAME = "$(TARGET_NAME)";
				TEST_HOST = "$(BUILT_PRODUCTS_DIR)/YueDongQuan.app/YueDongQuan";
			};
			name = Debug;
		};
		5DE993361E6EA0A7003C3B14 /* Release */ = {
			isa = XCBuildConfiguration;
			buildSettings = {
				BUNDLE_LOADER = "$(TEST_HOST)";
				INFOPLIST_FILE = YueDongQuanTests/Info.plist;
				LD_RUNPATH_SEARCH_PATHS = "$(inherited) @executable_path/Frameworks @loader_path/Frameworks";
				PRODUCT_BUNDLE_IDENTIFIER = clj.YueDongQuanTests;
				PRODUCT_NAME = "$(TARGET_NAME)";
				TEST_HOST = "$(BUILT_PRODUCTS_DIR)/YueDongQuan.app/YueDongQuan";
			};
			name = Release;
		};
		5DE993381E6EA0A7003C3B14 /* Debug */ = {
			isa = XCBuildConfiguration;
			buildSettings = {
				INFOPLIST_FILE = YueDongQuanUITests/Info.plist;
				LD_RUNPATH_SEARCH_PATHS = "$(inherited) @executable_path/Frameworks @loader_path/Frameworks";
				PRODUCT_BUNDLE_IDENTIFIER = clj.YueDongQuanUITests;
				PRODUCT_NAME = "$(TARGET_NAME)";
				TEST_TARGET_NAME = YueDongQuan;
			};
			name = Debug;
		};
		5DE993391E6EA0A7003C3B14 /* Release */ = {
			isa = XCBuildConfiguration;
			buildSettings = {
				INFOPLIST_FILE = YueDongQuanUITests/Info.plist;
				LD_RUNPATH_SEARCH_PATHS = "$(inherited) @executable_path/Frameworks @loader_path/Frameworks";
				PRODUCT_BUNDLE_IDENTIFIER = clj.YueDongQuanUITests;
				PRODUCT_NAME = "$(TARGET_NAME)";
				TEST_TARGET_NAME = YueDongQuan;
			};
			name = Release;
		};
/* End XCBuildConfiguration section */

/* Begin XCConfigurationList section */
		5DE992FF1E6EA0A7003C3B14 /* Build configuration list for PBXProject "YueDongQuan" */ = {
			isa = XCConfigurationList;
			buildConfigurations = (
				5DE9932F1E6EA0A7003C3B14 /* Debug */,
				5DE993301E6EA0A7003C3B14 /* Release */,
			);
			defaultConfigurationIsVisible = 0;
			defaultConfigurationName = Release;
		};
		5DE993311E6EA0A7003C3B14 /* Build configuration list for PBXNativeTarget "YueDongQuan" */ = {
			isa = XCConfigurationList;
			buildConfigurations = (
				5DE993321E6EA0A7003C3B14 /* Debug */,
				5DE993331E6EA0A7003C3B14 /* Release */,
			);
			defaultConfigurationIsVisible = 0;
			defaultConfigurationName = Release;
		};
		5DE993341E6EA0A7003C3B14 /* Build configuration list for PBXNativeTarget "YueDongQuanTests" */ = {
			isa = XCConfigurationList;
			buildConfigurations = (
				5DE993351E6EA0A7003C3B14 /* Debug */,
				5DE993361E6EA0A7003C3B14 /* Release */,
			);
			defaultConfigurationIsVisible = 0;
			defaultConfigurationName = Release;
		};
		5DE993371E6EA0A7003C3B14 /* Build configuration list for PBXNativeTarget "YueDongQuanUITests" */ = {
			isa = XCConfigurationList;
			buildConfigurations = (
				5DE993381E6EA0A7003C3B14 /* Debug */,
				5DE993391E6EA0A7003C3B14 /* Release */,
			);
			defaultConfigurationIsVisible = 0;
			defaultConfigurationName = Release;
		};
/* End XCConfigurationList section */
	};
	rootObject = 5DE992FC1E6EA0A7003C3B14 /* Project object */;
}
